// !$*UTF8*$!
{
	archiveVersion = 1;
	classes = {
	};
	objectVersion = 46;
	objects = {

/* Begin PBXBuildFile section */
		52643C33191C28380008350D /* Cocoa.framework in Frameworks */ = {isa = PBXBuildFile; fileRef = 52643C32191C28380008350D /* Cocoa.framework */; };
		52643C3D191C28380008350D /* InfoPlist.strings in Resources */ = {isa = PBXBuildFile; fileRef = 52643C3B191C28380008350D /* InfoPlist.strings */; };
		52643C43191C28380008350D /* Credits.rtf in Resources */ = {isa = PBXBuildFile; fileRef = 52643C41191C28380008350D /* Credits.rtf */; };
		52643C49191C28380008350D /* MainMenu.xib in Resources */ = {isa = PBXBuildFile; fileRef = 52643C47191C28380008350D /* MainMenu.xib */; };
		52643C4B191C28380008350D /* Images.xcassets in Resources */ = {isa = PBXBuildFile; fileRef = 52643C4A191C28380008350D /* Images.xcassets */; };
		52643C52191C28380008350D /* XCTest.framework in Frameworks */ = {isa = PBXBuildFile; fileRef = 52643C51191C28380008350D /* XCTest.framework */; };
		52643C53191C28380008350D /* Cocoa.framework in Frameworks */ = {isa = PBXBuildFile; fileRef = 52643C32191C28380008350D /* Cocoa.framework */; };
		52643C5B191C28380008350D /* InfoPlist.strings in Resources */ = {isa = PBXBuildFile; fileRef = 52643C59191C28380008350D /* InfoPlist.strings */; };
		52643C5D191C28380008350D /* Test3dTests.m in Sources */ = {isa = PBXBuildFile; fileRef = 52643C5C191C28380008350D /* Test3dTests.m */; };
		526E13C9191C9A35009720A3 /* GLKit.framework in Frameworks */ = {isa = PBXBuildFile; fileRef = 526E13C8191C9A35009720A3 /* GLKit.framework */; };
		52893CCE191CA625000FB98E /* OpenGLMovieLayer.mm in Sources */ = {isa = PBXBuildFile; fileRef = 52893CCD191CA625000FB98E /* OpenGLMovieLayer.mm */; };
		529ECB96191CA9DE00462050 /* OpenGL.framework in Frameworks */ = {isa = PBXBuildFile; fileRef = 8C918019191C413800CD2C77 /* OpenGL.framework */; };
		529ECB97191CAD5300462050 /* QuartzCore.framework in Frameworks */ = {isa = PBXBuildFile; fileRef = 526E13BE191C9517009720A3 /* QuartzCore.framework */; };
		529ECB98191CB03A00462050 /* CoreVideo.framework in Frameworks */ = {isa = PBXBuildFile; fileRef = 526E13BB191C950D009720A3 /* CoreVideo.framework */; };
		52C4AFE1191C86EC0099C196 /* AVFoundation.framework in Frameworks */ = {isa = PBXBuildFile; fileRef = 52C4AFDF191C86EC0099C196 /* AVFoundation.framework */; };
		52C4AFE2191C86EC0099C196 /* AVKit.framework in Frameworks */ = {isa = PBXBuildFile; fileRef = 52C4AFE0191C86EC0099C196 /* AVKit.framework */; };
		52D4CE0E191CEC0A00470354 /* CoreMedia.framework in Frameworks */ = {isa = PBXBuildFile; fileRef = 526E13BA191C950D009720A3 /* CoreMedia.framework */; };
		8C917FB0191C3B5F00CD2C77 /* OVR_Device.h in Headers */ = {isa = PBXBuildFile; fileRef = 8C917F40191C363300CD2C77 /* OVR_Device.h */; };
		8C917FB1191C3B5F00CD2C77 /* OVR_DeviceConstants.h in Headers */ = {isa = PBXBuildFile; fileRef = 8C917F41191C363300CD2C77 /* OVR_DeviceConstants.h */; };
		8C917FB2191C3B5F00CD2C77 /* OVR_DeviceHandle.cpp in Sources */ = {isa = PBXBuildFile; fileRef = 8C917F42191C363300CD2C77 /* OVR_DeviceHandle.cpp */; };
		8C917FB3191C3B5F00CD2C77 /* OVR_DeviceHandle.h in Headers */ = {isa = PBXBuildFile; fileRef = 8C917F43191C363300CD2C77 /* OVR_DeviceHandle.h */; };
		8C917FB4191C3B5F00CD2C77 /* OVR_DeviceImpl.cpp in Sources */ = {isa = PBXBuildFile; fileRef = 8C917F44191C363300CD2C77 /* OVR_DeviceImpl.cpp */; };
		8C917FB5191C3B5F00CD2C77 /* OVR_DeviceImpl.h in Headers */ = {isa = PBXBuildFile; fileRef = 8C917F45191C363300CD2C77 /* OVR_DeviceImpl.h */; };
		8C917FB6191C3B5F00CD2C77 /* OVR_DeviceMessages.h in Headers */ = {isa = PBXBuildFile; fileRef = 8C917F46191C363300CD2C77 /* OVR_DeviceMessages.h */; };
		8C917FB7191C3B5F00CD2C77 /* OVR_HIDDevice.h in Headers */ = {isa = PBXBuildFile; fileRef = 8C917F47191C363300CD2C77 /* OVR_HIDDevice.h */; };
		8C917FB8191C3B5F00CD2C77 /* OVR_HIDDeviceBase.h in Headers */ = {isa = PBXBuildFile; fileRef = 8C917F48191C363300CD2C77 /* OVR_HIDDeviceBase.h */; };
		8C917FB9191C3B5F00CD2C77 /* OVR_HIDDeviceImpl.h in Headers */ = {isa = PBXBuildFile; fileRef = 8C917F49191C363300CD2C77 /* OVR_HIDDeviceImpl.h */; };
		8C917FBA191C3B5F00CD2C77 /* OVR_JSON.cpp in Sources */ = {isa = PBXBuildFile; fileRef = 8C917F4A191C363300CD2C77 /* OVR_JSON.cpp */; };
		8C917FBB191C3B5F00CD2C77 /* OVR_JSON.h in Headers */ = {isa = PBXBuildFile; fileRef = 8C917F4B191C363300CD2C77 /* OVR_JSON.h */; };
		8C917FBC191C3B5F00CD2C77 /* OVR_LatencyTestImpl.cpp in Sources */ = {isa = PBXBuildFile; fileRef = 8C917F4C191C363300CD2C77 /* OVR_LatencyTestImpl.cpp */; };
		8C917FBD191C3B5F00CD2C77 /* OVR_LatencyTestImpl.h in Headers */ = {isa = PBXBuildFile; fileRef = 8C917F4D191C363300CD2C77 /* OVR_LatencyTestImpl.h */; };
		8C917FBF191C3B5F00CD2C77 /* OVR_Linux_DeviceManager.h in Headers */ = {isa = PBXBuildFile; fileRef = 8C917F4F191C363300CD2C77 /* OVR_Linux_DeviceManager.h */; };
		8C917FC1191C3B5F00CD2C77 /* OVR_Linux_HIDDevice.h in Headers */ = {isa = PBXBuildFile; fileRef = 8C917F51191C363300CD2C77 /* OVR_Linux_HIDDevice.h */; };
		8C917FC3191C3B5F00CD2C77 /* OVR_Linux_HMDDevice.h in Headers */ = {isa = PBXBuildFile; fileRef = 8C917F53191C363300CD2C77 /* OVR_Linux_HMDDevice.h */; };
		8C917FC5191C3B5F00CD2C77 /* OVR_OSX_DeviceManager.cpp in Sources */ = {isa = PBXBuildFile; fileRef = 8C917F55191C363300CD2C77 /* OVR_OSX_DeviceManager.cpp */; };
		8C917FC6191C3B5F00CD2C77 /* OVR_OSX_DeviceManager.h in Headers */ = {isa = PBXBuildFile; fileRef = 8C917F56191C363300CD2C77 /* OVR_OSX_DeviceManager.h */; };
		8C917FC7191C3B5F00CD2C77 /* OVR_OSX_HIDDevice.cpp in Sources */ = {isa = PBXBuildFile; fileRef = 8C917F57191C363300CD2C77 /* OVR_OSX_HIDDevice.cpp */; };
		8C917FC8191C3B5F00CD2C77 /* OVR_OSX_HIDDevice.h in Headers */ = {isa = PBXBuildFile; fileRef = 8C917F58191C363300CD2C77 /* OVR_OSX_HIDDevice.h */; };
		8C917FC9191C3B5F00CD2C77 /* OVR_OSX_HMDDevice.cpp in Sources */ = {isa = PBXBuildFile; fileRef = 8C917F59191C363300CD2C77 /* OVR_OSX_HMDDevice.cpp */; };
		8C917FCA191C3B5F00CD2C77 /* OVR_OSX_HMDDevice.h in Headers */ = {isa = PBXBuildFile; fileRef = 8C917F5A191C363300CD2C77 /* OVR_OSX_HMDDevice.h */; };
		8C917FCB191C3B5F00CD2C77 /* OVR_OSX_SensorDevice.cpp in Sources */ = {isa = PBXBuildFile; fileRef = 8C917F5B191C363300CD2C77 /* OVR_OSX_SensorDevice.cpp */; };
		8C917FCD191C3B5F00CD2C77 /* OVR_Profile.h in Headers */ = {isa = PBXBuildFile; fileRef = 8C917F5D191C363300CD2C77 /* OVR_Profile.h */; };
		8C917FCE191C3B5F00CD2C77 /* OVR_SensorFilter.cpp in Sources */ = {isa = PBXBuildFile; fileRef = 8C917F5E191C363300CD2C77 /* OVR_SensorFilter.cpp */; };
		8C917FCF191C3B5F00CD2C77 /* OVR_SensorFilter.h in Headers */ = {isa = PBXBuildFile; fileRef = 8C917F5F191C363300CD2C77 /* OVR_SensorFilter.h */; };
		8C917FD0191C3B5F00CD2C77 /* OVR_SensorFusion.cpp in Sources */ = {isa = PBXBuildFile; fileRef = 8C917F60191C363300CD2C77 /* OVR_SensorFusion.cpp */; };
		8C917FD1191C3B5F00CD2C77 /* OVR_SensorFusion.h in Headers */ = {isa = PBXBuildFile; fileRef = 8C917F61191C363300CD2C77 /* OVR_SensorFusion.h */; };
		8C917FD2191C3B5F00CD2C77 /* OVR_SensorImpl.cpp in Sources */ = {isa = PBXBuildFile; fileRef = 8C917F62191C363300CD2C77 /* OVR_SensorImpl.cpp */; };
		8C917FD3191C3B5F00CD2C77 /* OVR_SensorImpl.h in Headers */ = {isa = PBXBuildFile; fileRef = 8C917F63191C363300CD2C77 /* OVR_SensorImpl.h */; };
		8C917FD4191C3B5F00CD2C77 /* OVR_ThreadCommandQueue.cpp in Sources */ = {isa = PBXBuildFile; fileRef = 8C917F64191C363300CD2C77 /* OVR_ThreadCommandQueue.cpp */; };
		8C917FD5191C3B5F00CD2C77 /* OVR_ThreadCommandQueue.h in Headers */ = {isa = PBXBuildFile; fileRef = 8C917F65191C363300CD2C77 /* OVR_ThreadCommandQueue.h */; };
		8C917FD7191C3B5F00CD2C77 /* OVR_Win32_DeviceManager.h in Headers */ = {isa = PBXBuildFile; fileRef = 8C917F67191C363300CD2C77 /* OVR_Win32_DeviceManager.h */; };
		8C917FD9191C3B5F00CD2C77 /* OVR_Win32_DeviceStatus.h in Headers */ = {isa = PBXBuildFile; fileRef = 8C917F69191C363300CD2C77 /* OVR_Win32_DeviceStatus.h */; };
		8C917FDB191C3B5F00CD2C77 /* OVR_Win32_HIDDevice.h in Headers */ = {isa = PBXBuildFile; fileRef = 8C917F6B191C363300CD2C77 /* OVR_Win32_HIDDevice.h */; };
		8C917FDD191C3B5F00CD2C77 /* OVR_Win32_HMDDevice.h in Headers */ = {isa = PBXBuildFile; fileRef = 8C917F6D191C363300CD2C77 /* OVR_Win32_HMDDevice.h */; };
		8C917FDF191C3B5F00CD2C77 /* OVR_Win32_SensorDevice.h in Headers */ = {isa = PBXBuildFile; fileRef = 8C917F6F191C363300CD2C77 /* OVR_Win32_SensorDevice.h */; };
		8C917FE0191C3B8200CD2C77 /* OVR_Alg.cpp in Sources */ = {isa = PBXBuildFile; fileRef = 8C917F18191C363300CD2C77 /* OVR_Alg.cpp */; };
		8C917FE1191C3B8200CD2C77 /* OVR_Alg.h in Headers */ = {isa = PBXBuildFile; fileRef = 8C917F19191C363300CD2C77 /* OVR_Alg.h */; };
		8C917FE2191C3B8200CD2C77 /* OVR_Allocator.cpp in Sources */ = {isa = PBXBuildFile; fileRef = 8C917F1A191C363300CD2C77 /* OVR_Allocator.cpp */; };
		8C917FE3191C3B8200CD2C77 /* OVR_Allocator.h in Headers */ = {isa = PBXBuildFile; fileRef = 8C917F1B191C363300CD2C77 /* OVR_Allocator.h */; };
		8C917FE4191C3B8200CD2C77 /* OVR_Array.h in Headers */ = {isa = PBXBuildFile; fileRef = 8C917F1C191C363300CD2C77 /* OVR_Array.h */; };
		8C917FE5191C3B8200CD2C77 /* OVR_Atomic.cpp in Sources */ = {isa = PBXBuildFile; fileRef = 8C917F1D191C363300CD2C77 /* OVR_Atomic.cpp */; };
		8C917FE6191C3B8200CD2C77 /* OVR_Atomic.h in Headers */ = {isa = PBXBuildFile; fileRef = 8C917F1E191C363300CD2C77 /* OVR_Atomic.h */; };
		8C917FE7191C3B8200CD2C77 /* OVR_Color.h in Headers */ = {isa = PBXBuildFile; fileRef = 8C917F1F191C363300CD2C77 /* OVR_Color.h */; };
		8C917FE8191C3B8200CD2C77 /* OVR_ContainerAllocator.h in Headers */ = {isa = PBXBuildFile; fileRef = 8C917F20191C363300CD2C77 /* OVR_ContainerAllocator.h */; };
		8C917FE9191C3B8200CD2C77 /* OVR_File.cpp in Sources */ = {isa = PBXBuildFile; fileRef = 8C917F21191C363300CD2C77 /* OVR_File.cpp */; };
		8C917FEA191C3B8200CD2C77 /* OVR_File.h in Headers */ = {isa = PBXBuildFile; fileRef = 8C917F22191C363300CD2C77 /* OVR_File.h */; };
		8C917FEB191C3B8200CD2C77 /* OVR_FileFILE.cpp in Sources */ = {isa = PBXBuildFile; fileRef = 8C917F23191C363300CD2C77 /* OVR_FileFILE.cpp */; };
		8C917FEC191C3B8200CD2C77 /* OVR_Hash.h in Headers */ = {isa = PBXBuildFile; fileRef = 8C917F24191C363300CD2C77 /* OVR_Hash.h */; };
		8C917FED191C3B8200CD2C77 /* OVR_KeyCodes.h in Headers */ = {isa = PBXBuildFile; fileRef = 8C917F25191C363300CD2C77 /* OVR_KeyCodes.h */; };
		8C917FEE191C3B8200CD2C77 /* OVR_List.h in Headers */ = {isa = PBXBuildFile; fileRef = 8C917F26191C363300CD2C77 /* OVR_List.h */; };
		8C917FEF191C3B8200CD2C77 /* OVR_Log.cpp in Sources */ = {isa = PBXBuildFile; fileRef = 8C917F27191C363300CD2C77 /* OVR_Log.cpp */; };
		8C917FF0191C3B8200CD2C77 /* OVR_Log.h in Headers */ = {isa = PBXBuildFile; fileRef = 8C917F28191C363300CD2C77 /* OVR_Log.h */; };
		8C917FF1191C3B8200CD2C77 /* OVR_Math.cpp in Sources */ = {isa = PBXBuildFile; fileRef = 8C917F29191C363300CD2C77 /* OVR_Math.cpp */; };
		8C917FF2191C3B8200CD2C77 /* OVR_Math.h in Headers */ = {isa = PBXBuildFile; fileRef = 8C917F2A191C363300CD2C77 /* OVR_Math.h */; };
		8C917FF3191C3B8200CD2C77 /* OVR_RefCount.cpp in Sources */ = {isa = PBXBuildFile; fileRef = 8C917F2B191C363300CD2C77 /* OVR_RefCount.cpp */; };
		8C917FF4191C3B8200CD2C77 /* OVR_RefCount.h in Headers */ = {isa = PBXBuildFile; fileRef = 8C917F2C191C363300CD2C77 /* OVR_RefCount.h */; };
		8C917FF5191C3B8200CD2C77 /* OVR_Std.cpp in Sources */ = {isa = PBXBuildFile; fileRef = 8C917F2D191C363300CD2C77 /* OVR_Std.cpp */; };
		8C917FF6191C3B8200CD2C77 /* OVR_Std.h in Headers */ = {isa = PBXBuildFile; fileRef = 8C917F2E191C363300CD2C77 /* OVR_Std.h */; };
		8C917FF7191C3B8200CD2C77 /* OVR_String.cpp in Sources */ = {isa = PBXBuildFile; fileRef = 8C917F2F191C363300CD2C77 /* OVR_String.cpp */; };
		8C917FF8191C3B8200CD2C77 /* OVR_String.h in Headers */ = {isa = PBXBuildFile; fileRef = 8C917F30191C363300CD2C77 /* OVR_String.h */; };
		8C917FF9191C3B8200CD2C77 /* OVR_String_FormatUtil.cpp in Sources */ = {isa = PBXBuildFile; fileRef = 8C917F31191C363300CD2C77 /* OVR_String_FormatUtil.cpp */; };
		8C917FFA191C3B8200CD2C77 /* OVR_String_PathUtil.cpp in Sources */ = {isa = PBXBuildFile; fileRef = 8C917F32191C363300CD2C77 /* OVR_String_PathUtil.cpp */; };
		8C917FFB191C3B8200CD2C77 /* OVR_StringHash.h in Headers */ = {isa = PBXBuildFile; fileRef = 8C917F33191C363300CD2C77 /* OVR_StringHash.h */; };
		8C917FFC191C3B8200CD2C77 /* OVR_SysFile.cpp in Sources */ = {isa = PBXBuildFile; fileRef = 8C917F34191C363300CD2C77 /* OVR_SysFile.cpp */; };
		8C917FFD191C3B8200CD2C77 /* OVR_SysFile.h in Headers */ = {isa = PBXBuildFile; fileRef = 8C917F35191C363300CD2C77 /* OVR_SysFile.h */; };
		8C917FFE191C3B8200CD2C77 /* OVR_System.cpp in Sources */ = {isa = PBXBuildFile; fileRef = 8C917F36191C363300CD2C77 /* OVR_System.cpp */; };
		8C917FFF191C3B8200CD2C77 /* OVR_System.h in Headers */ = {isa = PBXBuildFile; fileRef = 8C917F37191C363300CD2C77 /* OVR_System.h */; };
		8C918000191C3B8200CD2C77 /* OVR_Threads.h in Headers */ = {isa = PBXBuildFile; fileRef = 8C917F38191C363300CD2C77 /* OVR_Threads.h */; };
		8C918001191C3B8200CD2C77 /* OVR_ThreadsPthread.cpp in Sources */ = {isa = PBXBuildFile; fileRef = 8C917F39191C363300CD2C77 /* OVR_ThreadsPthread.cpp */; };
		8C918004191C3B8200CD2C77 /* OVR_Timer.h in Headers */ = {isa = PBXBuildFile; fileRef = 8C917F3C191C363300CD2C77 /* OVR_Timer.h */; };
		8C918005191C3B8200CD2C77 /* OVR_Types.h in Headers */ = {isa = PBXBuildFile; fileRef = 8C917F3D191C363300CD2C77 /* OVR_Types.h */; };
		8C918006191C3B8200CD2C77 /* OVR_UTF8Util.cpp in Sources */ = {isa = PBXBuildFile; fileRef = 8C917F3E191C363300CD2C77 /* OVR_UTF8Util.cpp */; };
		8C918007191C3B8200CD2C77 /* OVR_UTF8Util.h in Headers */ = {isa = PBXBuildFile; fileRef = 8C917F3F191C363300CD2C77 /* OVR_UTF8Util.h */; };
		8C918008191C3B8800CD2C77 /* Util_LatencyTest.cpp in Sources */ = {isa = PBXBuildFile; fileRef = 8C917F71191C363300CD2C77 /* Util_LatencyTest.cpp */; };
		8C918009191C3B8800CD2C77 /* Util_LatencyTest.h in Headers */ = {isa = PBXBuildFile; fileRef = 8C917F72191C363300CD2C77 /* Util_LatencyTest.h */; };
		8C91800A191C3B8800CD2C77 /* Util_Render_Stereo.cpp in Sources */ = {isa = PBXBuildFile; fileRef = 8C917F73191C363300CD2C77 /* Util_Render_Stereo.cpp */; };
		8C91800B191C3B8800CD2C77 /* Util_Render_Stereo.h in Headers */ = {isa = PBXBuildFile; fileRef = 8C917F74191C363300CD2C77 /* Util_Render_Stereo.h */; };
		8C91800C191C3EE900CD2C77 /* OVR_Timer.cpp in Sources */ = {isa = PBXBuildFile; fileRef = 8C917F3B191C363300CD2C77 /* OVR_Timer.cpp */; };
		8C91800D191C3EE900CD2C77 /* OVR_Profile.cpp in Sources */ = {isa = PBXBuildFile; fileRef = 8C917F5C191C363300CD2C77 /* OVR_Profile.cpp */; };
		8C918010191C3F4000CD2C77 /* AppDelegate.h in Sources */ = {isa = PBXBuildFile; fileRef = 52643C44191C28380008350D /* AppDelegate.h */; };
		8C918011191C3F4000CD2C77 /* AppDelegate.mm in Sources */ = {isa = PBXBuildFile; fileRef = 52643C45191C28380008350D /* AppDelegate.mm */; };
		8C918012191C3F4000CD2C77 /* main.m in Sources */ = {isa = PBXBuildFile; fileRef = 52643C3E191C28380008350D /* main.m */; };
		8C918014191C40AA00CD2C77 /* CoreFoundation.framework in Frameworks */ = {isa = PBXBuildFile; fileRef = 8C918013191C40AA00CD2C77 /* CoreFoundation.framework */; };
		8C918016191C40CD00CD2C77 /* CoreGraphics.framework in Frameworks */ = {isa = PBXBuildFile; fileRef = 8C918015191C40CD00CD2C77 /* CoreGraphics.framework */; };
		8C91801A191C413800CD2C77 /* OpenGL.framework in Frameworks */ = {isa = PBXBuildFile; fileRef = 8C918019191C413800CD2C77 /* OpenGL.framework */; };
		8C91801C191C414000CD2C77 /* IOKit.framework in Frameworks */ = {isa = PBXBuildFile; fileRef = 8C91801B191C414000CD2C77 /* IOKit.framework */; };
		8C9180261922BDB100CD2C77 /* vertexShader.glsl in Resources */ = {isa = PBXBuildFile; fileRef = 8C9180251922BDB100CD2C77 /* vertexShader.glsl */; };
		8C91802B1922C3B600CD2C77 /* fragmentShaderPass.glsl in Resources */ = {isa = PBXBuildFile; fileRef = 8C91802A1922C3B600CD2C77 /* fragmentShaderPass.glsl */; };
		8C91802D1922C48400CD2C77 /* fragmentShaderRift.glsl in Resources */ = {isa = PBXBuildFile; fileRef = 8C91802C1922C48400CD2C77 /* fragmentShaderRift.glsl */; };
		8CA8A58B1AD59D8A001EF617 /* Rift-raff.iconset in Resources */ = {isa = PBXBuildFile; fileRef = 8CA8A58A1AD59D8A001EF617 /* Rift-raff.iconset */; };
		8CECDE3A1928B6FE00F5DFA4 /* libovr.dylib in Frameworks */ = {isa = PBXBuildFile; fileRef = 8C917FAC191C3B3F00CD2C77 /* libovr.dylib */; };
/* End PBXBuildFile section */

/* Begin PBXContainerItemProxy section */
		52643C54191C28380008350D /* PBXContainerItemProxy */ = {
			isa = PBXContainerItemProxy;
			containerPortal = 52643C27191C28380008350D /* Project object */;
			proxyType = 1;
			remoteGlobalIDString = 52643C2E191C28380008350D;
			remoteInfo = Test3d;
		};
		8C91800E191C3F0E00CD2C77 /* PBXContainerItemProxy */ = {
			isa = PBXContainerItemProxy;
			containerPortal = 52643C27191C28380008350D /* Project object */;
			proxyType = 1;
			remoteGlobalIDString = 8C917FAB191C3B3F00CD2C77;
			remoteInfo = ovr;
		};
/* End PBXContainerItemProxy section */

/* Begin PBXFileReference section */
		52643C2F191C28380008350D /* Rift-raff.app */ = {isa = PBXFileReference; explicitFileType = wrapper.application; includeInIndex = 0; path = "Rift-raff.app"; sourceTree = BUILT_PRODUCTS_DIR; };
		52643C32191C28380008350D /* Cocoa.framework */ = {isa = PBXFileReference; lastKnownFileType = wrapper.framework; name = Cocoa.framework; path = System/Library/Frameworks/Cocoa.framework; sourceTree = SDKROOT; };
		52643C35191C28380008350D /* AppKit.framework */ = {isa = PBXFileReference; lastKnownFileType = wrapper.framework; name = AppKit.framework; path = System/Library/Frameworks/AppKit.framework; sourceTree = SDKROOT; };
		52643C36191C28380008350D /* CoreData.framework */ = {isa = PBXFileReference; lastKnownFileType = wrapper.framework; name = CoreData.framework; path = System/Library/Frameworks/CoreData.framework; sourceTree = SDKROOT; };
		52643C37191C28380008350D /* Foundation.framework */ = {isa = PBXFileReference; lastKnownFileType = wrapper.framework; name = Foundation.framework; path = System/Library/Frameworks/Foundation.framework; sourceTree = SDKROOT; };
		52643C3A191C28380008350D /* Rift-raff-Info.plist */ = {isa = PBXFileReference; lastKnownFileType = text.plist.xml; path = "Rift-raff-Info.plist"; sourceTree = "<group>"; };
		52643C3C191C28380008350D /* en */ = {isa = PBXFileReference; lastKnownFileType = text.plist.strings; name = en; path = en.lproj/InfoPlist.strings; sourceTree = "<group>"; };
		52643C3E191C28380008350D /* main.m */ = {isa = PBXFileReference; lastKnownFileType = sourcecode.c.objc; path = main.m; sourceTree = "<group>"; };
		52643C40191C28380008350D /* Rift-raff-Prefix.pch */ = {isa = PBXFileReference; lastKnownFileType = sourcecode.c.h; path = "Rift-raff-Prefix.pch"; sourceTree = "<group>"; };
		52643C42191C28380008350D /* en */ = {isa = PBXFileReference; lastKnownFileType = text.rtf; name = en; path = en.lproj/Credits.rtf; sourceTree = "<group>"; };
		52643C44191C28380008350D /* AppDelegate.h */ = {isa = PBXFileReference; lastKnownFileType = sourcecode.c.h; path = AppDelegate.h; sourceTree = "<group>"; };
		52643C45191C28380008350D /* AppDelegate.mm */ = {isa = PBXFileReference; explicitFileType = sourcecode.cpp.objcpp; path = AppDelegate.mm; sourceTree = "<group>"; };
		52643C48191C28380008350D /* Base */ = {isa = PBXFileReference; lastKnownFileType = file.xib; name = Base; path = Base.lproj/MainMenu.xib; sourceTree = "<group>"; };
		52643C4A191C28380008350D /* Images.xcassets */ = {isa = PBXFileReference; lastKnownFileType = folder.assetcatalog; path = Images.xcassets; sourceTree = "<group>"; };
		52643C50191C28380008350D /* Rift-raffTests.xctest */ = {isa = PBXFileReference; explicitFileType = wrapper.cfbundle; includeInIndex = 0; path = "Rift-raffTests.xctest"; sourceTree = BUILT_PRODUCTS_DIR; };
		52643C51191C28380008350D /* XCTest.framework */ = {isa = PBXFileReference; lastKnownFileType = wrapper.framework; name = XCTest.framework; path = Library/Frameworks/XCTest.framework; sourceTree = DEVELOPER_DIR; };
		52643C58191C28380008350D /* Rift-raffTests-Info.plist */ = {isa = PBXFileReference; lastKnownFileType = text.plist.xml; path = "Rift-raffTests-Info.plist"; sourceTree = "<group>"; };
		52643C5A191C28380008350D /* en */ = {isa = PBXFileReference; lastKnownFileType = text.plist.strings; name = en; path = en.lproj/InfoPlist.strings; sourceTree = "<group>"; };
		52643C5C191C28380008350D /* Test3dTests.m */ = {isa = PBXFileReference; lastKnownFileType = sourcecode.c.objc; path = Test3dTests.m; sourceTree = "<group>"; };
		526E13BA191C950D009720A3 /* CoreMedia.framework */ = {isa = PBXFileReference; lastKnownFileType = wrapper.framework; name = CoreMedia.framework; path = System/Library/Frameworks/CoreMedia.framework; sourceTree = SDKROOT; };
		526E13BB191C950D009720A3 /* CoreVideo.framework */ = {isa = PBXFileReference; lastKnownFileType = wrapper.framework; name = CoreVideo.framework; path = System/Library/Frameworks/CoreVideo.framework; sourceTree = SDKROOT; };
		526E13BE191C9517009720A3 /* QuartzCore.framework */ = {isa = PBXFileReference; lastKnownFileType = wrapper.framework; name = QuartzCore.framework; path = System/Library/Frameworks/QuartzCore.framework; sourceTree = SDKROOT; };
		526E13C0191C9524009720A3 /* ImageIO.framework */ = {isa = PBXFileReference; lastKnownFileType = wrapper.framework; name = ImageIO.framework; path = System/Library/Frameworks/ImageIO.framework; sourceTree = SDKROOT; };
		526E13C3191C9542009720A3 /* ImageCaptureCore.framework */ = {isa = PBXFileReference; lastKnownFileType = wrapper.framework; name = ImageCaptureCore.framework; path = System/Library/Frameworks/ImageCaptureCore.framework; sourceTree = SDKROOT; };
		526E13C8191C9A35009720A3 /* GLKit.framework */ = {isa = PBXFileReference; lastKnownFileType = wrapper.framework; name = GLKit.framework; path = System/Library/Frameworks/GLKit.framework; sourceTree = SDKROOT; };
		52893CCC191CA625000FB98E /* OpenGLMovieLayer.h */ = {isa = PBXFileReference; fileEncoding = 4; lastKnownFileType = sourcecode.c.h; path = OpenGLMovieLayer.h; sourceTree = "<group>"; };
		52893CCD191CA625000FB98E /* OpenGLMovieLayer.mm */ = {isa = PBXFileReference; explicitFileType = sourcecode.cpp.objcpp; fileEncoding = 4; path = OpenGLMovieLayer.mm; sourceTree = "<group>"; };
		52893CD0191CA77D000FB98E /* QuickTime.framework */ = {isa = PBXFileReference; lastKnownFileType = wrapper.framework; name = QuickTime.framework; path = System/Library/Frameworks/QuickTime.framework; sourceTree = SDKROOT; };
		529A8806191C75C200F346E3 /* QTKit.framework */ = {isa = PBXFileReference; lastKnownFileType = wrapper.framework; name = QTKit.framework; path = System/Library/Frameworks/QTKit.framework; sourceTree = SDKROOT; };
		52C4AFDD191C823B0099C196 /* shrek.mp4 */ = {isa = PBXFileReference; lastKnownFileType = file; name = shrek.mp4; path = ../shrek.mp4; sourceTree = "<group>"; };
		52C4AFDF191C86EC0099C196 /* AVFoundation.framework */ = {isa = PBXFileReference; lastKnownFileType = wrapper.framework; name = AVFoundation.framework; path = System/Library/Frameworks/AVFoundation.framework; sourceTree = SDKROOT; };
		52C4AFE0191C86EC0099C196 /* AVKit.framework */ = {isa = PBXFileReference; lastKnownFileType = wrapper.framework; name = AVKit.framework; path = System/Library/Frameworks/AVKit.framework; sourceTree = SDKROOT; };
		8C917F0E191C363300CD2C77 /* OVR.h */ = {isa = PBXFileReference; fileEncoding = 4; lastKnownFileType = sourcecode.c.h; path = OVR.h; sourceTree = "<group>"; };
		8C917F0F191C363300CD2C77 /* OVRVersion.h */ = {isa = PBXFileReference; fileEncoding = 4; lastKnownFileType = sourcecode.c.h; path = OVRVersion.h; sourceTree = "<group>"; };
		8C917F13191C363300CD2C77 /* libovr.a */ = {isa = PBXFileReference; lastKnownFileType = archive.ar; path = libovr.a; sourceTree = "<group>"; };
		8C917F15191C363300CD2C77 /* libovr.a */ = {isa = PBXFileReference; lastKnownFileType = archive.ar; path = libovr.a; sourceTree = "<group>"; };
		8C917F18191C363300CD2C77 /* OVR_Alg.cpp */ = {isa = PBXFileReference; fileEncoding = 4; lastKnownFileType = sourcecode.cpp.cpp; path = OVR_Alg.cpp; sourceTree = "<group>"; };
		8C917F19191C363300CD2C77 /* OVR_Alg.h */ = {isa = PBXFileReference; fileEncoding = 4; lastKnownFileType = sourcecode.c.h; path = OVR_Alg.h; sourceTree = "<group>"; };
		8C917F1A191C363300CD2C77 /* OVR_Allocator.cpp */ = {isa = PBXFileReference; fileEncoding = 4; lastKnownFileType = sourcecode.cpp.cpp; path = OVR_Allocator.cpp; sourceTree = "<group>"; };
		8C917F1B191C363300CD2C77 /* OVR_Allocator.h */ = {isa = PBXFileReference; fileEncoding = 4; lastKnownFileType = sourcecode.c.h; path = OVR_Allocator.h; sourceTree = "<group>"; };
		8C917F1C191C363300CD2C77 /* OVR_Array.h */ = {isa = PBXFileReference; fileEncoding = 4; lastKnownFileType = sourcecode.c.h; path = OVR_Array.h; sourceTree = "<group>"; };
		8C917F1D191C363300CD2C77 /* OVR_Atomic.cpp */ = {isa = PBXFileReference; fileEncoding = 4; lastKnownFileType = sourcecode.cpp.cpp; path = OVR_Atomic.cpp; sourceTree = "<group>"; };
		8C917F1E191C363300CD2C77 /* OVR_Atomic.h */ = {isa = PBXFileReference; fileEncoding = 4; lastKnownFileType = sourcecode.c.h; path = OVR_Atomic.h; sourceTree = "<group>"; };
		8C917F1F191C363300CD2C77 /* OVR_Color.h */ = {isa = PBXFileReference; fileEncoding = 4; lastKnownFileType = sourcecode.c.h; path = OVR_Color.h; sourceTree = "<group>"; };
		8C917F20191C363300CD2C77 /* OVR_ContainerAllocator.h */ = {isa = PBXFileReference; fileEncoding = 4; lastKnownFileType = sourcecode.c.h; path = OVR_ContainerAllocator.h; sourceTree = "<group>"; };
		8C917F21191C363300CD2C77 /* OVR_File.cpp */ = {isa = PBXFileReference; fileEncoding = 4; lastKnownFileType = sourcecode.cpp.cpp; path = OVR_File.cpp; sourceTree = "<group>"; };
		8C917F22191C363300CD2C77 /* OVR_File.h */ = {isa = PBXFileReference; fileEncoding = 4; lastKnownFileType = sourcecode.c.h; path = OVR_File.h; sourceTree = "<group>"; };
		8C917F23191C363300CD2C77 /* OVR_FileFILE.cpp */ = {isa = PBXFileReference; fileEncoding = 4; lastKnownFileType = sourcecode.cpp.cpp; path = OVR_FileFILE.cpp; sourceTree = "<group>"; };
		8C917F24191C363300CD2C77 /* OVR_Hash.h */ = {isa = PBXFileReference; fileEncoding = 4; lastKnownFileType = sourcecode.c.h; path = OVR_Hash.h; sourceTree = "<group>"; };
		8C917F25191C363300CD2C77 /* OVR_KeyCodes.h */ = {isa = PBXFileReference; fileEncoding = 4; lastKnownFileType = sourcecode.c.h; path = OVR_KeyCodes.h; sourceTree = "<group>"; };
		8C917F26191C363300CD2C77 /* OVR_List.h */ = {isa = PBXFileReference; fileEncoding = 4; lastKnownFileType = sourcecode.c.h; path = OVR_List.h; sourceTree = "<group>"; };
		8C917F27191C363300CD2C77 /* OVR_Log.cpp */ = {isa = PBXFileReference; fileEncoding = 4; lastKnownFileType = sourcecode.cpp.cpp; path = OVR_Log.cpp; sourceTree = "<group>"; };
		8C917F28191C363300CD2C77 /* OVR_Log.h */ = {isa = PBXFileReference; fileEncoding = 4; lastKnownFileType = sourcecode.c.h; path = OVR_Log.h; sourceTree = "<group>"; };
		8C917F29191C363300CD2C77 /* OVR_Math.cpp */ = {isa = PBXFileReference; fileEncoding = 4; lastKnownFileType = sourcecode.cpp.cpp; path = OVR_Math.cpp; sourceTree = "<group>"; };
		8C917F2A191C363300CD2C77 /* OVR_Math.h */ = {isa = PBXFileReference; fileEncoding = 4; lastKnownFileType = sourcecode.c.h; path = OVR_Math.h; sourceTree = "<group>"; };
		8C917F2B191C363300CD2C77 /* OVR_RefCount.cpp */ = {isa = PBXFileReference; fileEncoding = 4; lastKnownFileType = sourcecode.cpp.cpp; path = OVR_RefCount.cpp; sourceTree = "<group>"; };
		8C917F2C191C363300CD2C77 /* OVR_RefCount.h */ = {isa = PBXFileReference; fileEncoding = 4; lastKnownFileType = sourcecode.c.h; path = OVR_RefCount.h; sourceTree = "<group>"; };
		8C917F2D191C363300CD2C77 /* OVR_Std.cpp */ = {isa = PBXFileReference; fileEncoding = 4; lastKnownFileType = sourcecode.cpp.cpp; path = OVR_Std.cpp; sourceTree = "<group>"; };
		8C917F2E191C363300CD2C77 /* OVR_Std.h */ = {isa = PBXFileReference; fileEncoding = 4; lastKnownFileType = sourcecode.c.h; path = OVR_Std.h; sourceTree = "<group>"; };
		8C917F2F191C363300CD2C77 /* OVR_String.cpp */ = {isa = PBXFileReference; fileEncoding = 4; lastKnownFileType = sourcecode.cpp.cpp; path = OVR_String.cpp; sourceTree = "<group>"; };
		8C917F30191C363300CD2C77 /* OVR_String.h */ = {isa = PBXFileReference; fileEncoding = 4; lastKnownFileType = sourcecode.c.h; path = OVR_String.h; sourceTree = "<group>"; };
		8C917F31191C363300CD2C77 /* OVR_String_FormatUtil.cpp */ = {isa = PBXFileReference; fileEncoding = 4; lastKnownFileType = sourcecode.cpp.cpp; path = OVR_String_FormatUtil.cpp; sourceTree = "<group>"; };
		8C917F32191C363300CD2C77 /* OVR_String_PathUtil.cpp */ = {isa = PBXFileReference; fileEncoding = 4; lastKnownFileType = sourcecode.cpp.cpp; path = OVR_String_PathUtil.cpp; sourceTree = "<group>"; };
		8C917F33191C363300CD2C77 /* OVR_StringHash.h */ = {isa = PBXFileReference; fileEncoding = 4; lastKnownFileType = sourcecode.c.h; path = OVR_StringHash.h; sourceTree = "<group>"; };
		8C917F34191C363300CD2C77 /* OVR_SysFile.cpp */ = {isa = PBXFileReference; fileEncoding = 4; lastKnownFileType = sourcecode.cpp.cpp; path = OVR_SysFile.cpp; sourceTree = "<group>"; };
		8C917F35191C363300CD2C77 /* OVR_SysFile.h */ = {isa = PBXFileReference; fileEncoding = 4; lastKnownFileType = sourcecode.c.h; path = OVR_SysFile.h; sourceTree = "<group>"; };
		8C917F36191C363300CD2C77 /* OVR_System.cpp */ = {isa = PBXFileReference; fileEncoding = 4; lastKnownFileType = sourcecode.cpp.cpp; path = OVR_System.cpp; sourceTree = "<group>"; };
		8C917F37191C363300CD2C77 /* OVR_System.h */ = {isa = PBXFileReference; fileEncoding = 4; lastKnownFileType = sourcecode.c.h; path = OVR_System.h; sourceTree = "<group>"; };
		8C917F38191C363300CD2C77 /* OVR_Threads.h */ = {isa = PBXFileReference; fileEncoding = 4; lastKnownFileType = sourcecode.c.h; path = OVR_Threads.h; sourceTree = "<group>"; };
		8C917F39191C363300CD2C77 /* OVR_ThreadsPthread.cpp */ = {isa = PBXFileReference; fileEncoding = 4; lastKnownFileType = sourcecode.cpp.cpp; path = OVR_ThreadsPthread.cpp; sourceTree = "<group>"; };
		8C917F3A191C363300CD2C77 /* OVR_ThreadsWinAPI.cpp */ = {isa = PBXFileReference; fileEncoding = 4; lastKnownFileType = sourcecode.cpp.cpp; path = OVR_ThreadsWinAPI.cpp; sourceTree = "<group>"; };
		8C917F3B191C363300CD2C77 /* OVR_Timer.cpp */ = {isa = PBXFileReference; fileEncoding = 4; lastKnownFileType = sourcecode.cpp.cpp; path = OVR_Timer.cpp; sourceTree = "<group>"; };
		8C917F3C191C363300CD2C77 /* OVR_Timer.h */ = {isa = PBXFileReference; fileEncoding = 4; lastKnownFileType = sourcecode.c.h; path = OVR_Timer.h; sourceTree = "<group>"; };
		8C917F3D191C363300CD2C77 /* OVR_Types.h */ = {isa = PBXFileReference; fileEncoding = 4; lastKnownFileType = sourcecode.c.h; path = OVR_Types.h; sourceTree = "<group>"; };
		8C917F3E191C363300CD2C77 /* OVR_UTF8Util.cpp */ = {isa = PBXFileReference; fileEncoding = 4; lastKnownFileType = sourcecode.cpp.cpp; path = OVR_UTF8Util.cpp; sourceTree = "<group>"; };
		8C917F3F191C363300CD2C77 /* OVR_UTF8Util.h */ = {isa = PBXFileReference; fileEncoding = 4; lastKnownFileType = sourcecode.c.h; path = OVR_UTF8Util.h; sourceTree = "<group>"; };
		8C917F40191C363300CD2C77 /* OVR_Device.h */ = {isa = PBXFileReference; fileEncoding = 4; lastKnownFileType = sourcecode.c.h; path = OVR_Device.h; sourceTree = "<group>"; };
		8C917F41191C363300CD2C77 /* OVR_DeviceConstants.h */ = {isa = PBXFileReference; fileEncoding = 4; lastKnownFileType = sourcecode.c.h; path = OVR_DeviceConstants.h; sourceTree = "<group>"; };
		8C917F42191C363300CD2C77 /* OVR_DeviceHandle.cpp */ = {isa = PBXFileReference; fileEncoding = 4; lastKnownFileType = sourcecode.cpp.cpp; path = OVR_DeviceHandle.cpp; sourceTree = "<group>"; };
		8C917F43191C363300CD2C77 /* OVR_DeviceHandle.h */ = {isa = PBXFileReference; fileEncoding = 4; lastKnownFileType = sourcecode.c.h; path = OVR_DeviceHandle.h; sourceTree = "<group>"; };
		8C917F44191C363300CD2C77 /* OVR_DeviceImpl.cpp */ = {isa = PBXFileReference; fileEncoding = 4; lastKnownFileType = sourcecode.cpp.cpp; path = OVR_DeviceImpl.cpp; sourceTree = "<group>"; };
		8C917F45191C363300CD2C77 /* OVR_DeviceImpl.h */ = {isa = PBXFileReference; fileEncoding = 4; lastKnownFileType = sourcecode.c.h; path = OVR_DeviceImpl.h; sourceTree = "<group>"; };
		8C917F46191C363300CD2C77 /* OVR_DeviceMessages.h */ = {isa = PBXFileReference; fileEncoding = 4; lastKnownFileType = sourcecode.c.h; path = OVR_DeviceMessages.h; sourceTree = "<group>"; };
		8C917F47191C363300CD2C77 /* OVR_HIDDevice.h */ = {isa = PBXFileReference; fileEncoding = 4; lastKnownFileType = sourcecode.c.h; path = OVR_HIDDevice.h; sourceTree = "<group>"; };
		8C917F48191C363300CD2C77 /* OVR_HIDDeviceBase.h */ = {isa = PBXFileReference; fileEncoding = 4; lastKnownFileType = sourcecode.c.h; path = OVR_HIDDeviceBase.h; sourceTree = "<group>"; };
		8C917F49191C363300CD2C77 /* OVR_HIDDeviceImpl.h */ = {isa = PBXFileReference; fileEncoding = 4; lastKnownFileType = sourcecode.c.h; path = OVR_HIDDeviceImpl.h; sourceTree = "<group>"; };
		8C917F4A191C363300CD2C77 /* OVR_JSON.cpp */ = {isa = PBXFileReference; fileEncoding = 4; lastKnownFileType = sourcecode.cpp.cpp; path = OVR_JSON.cpp; sourceTree = "<group>"; };
		8C917F4B191C363300CD2C77 /* OVR_JSON.h */ = {isa = PBXFileReference; fileEncoding = 4; lastKnownFileType = sourcecode.c.h; path = OVR_JSON.h; sourceTree = "<group>"; };
		8C917F4C191C363300CD2C77 /* OVR_LatencyTestImpl.cpp */ = {isa = PBXFileReference; fileEncoding = 4; lastKnownFileType = sourcecode.cpp.cpp; path = OVR_LatencyTestImpl.cpp; sourceTree = "<group>"; };
		8C917F4D191C363300CD2C77 /* OVR_LatencyTestImpl.h */ = {isa = PBXFileReference; fileEncoding = 4; lastKnownFileType = sourcecode.c.h; path = OVR_LatencyTestImpl.h; sourceTree = "<group>"; };
		8C917F4E191C363300CD2C77 /* OVR_Linux_DeviceManager.cpp */ = {isa = PBXFileReference; fileEncoding = 4; lastKnownFileType = sourcecode.cpp.cpp; path = OVR_Linux_DeviceManager.cpp; sourceTree = "<group>"; };
		8C917F4F191C363300CD2C77 /* OVR_Linux_DeviceManager.h */ = {isa = PBXFileReference; fileEncoding = 4; lastKnownFileType = sourcecode.c.h; path = OVR_Linux_DeviceManager.h; sourceTree = "<group>"; };
		8C917F50191C363300CD2C77 /* OVR_Linux_HIDDevice.cpp */ = {isa = PBXFileReference; fileEncoding = 4; lastKnownFileType = sourcecode.cpp.cpp; path = OVR_Linux_HIDDevice.cpp; sourceTree = "<group>"; };
		8C917F51191C363300CD2C77 /* OVR_Linux_HIDDevice.h */ = {isa = PBXFileReference; fileEncoding = 4; lastKnownFileType = sourcecode.c.h; path = OVR_Linux_HIDDevice.h; sourceTree = "<group>"; };
		8C917F52191C363300CD2C77 /* OVR_Linux_HMDDevice.cpp */ = {isa = PBXFileReference; fileEncoding = 4; lastKnownFileType = sourcecode.cpp.cpp; path = OVR_Linux_HMDDevice.cpp; sourceTree = "<group>"; };
		8C917F53191C363300CD2C77 /* OVR_Linux_HMDDevice.h */ = {isa = PBXFileReference; fileEncoding = 4; lastKnownFileType = sourcecode.c.h; path = OVR_Linux_HMDDevice.h; sourceTree = "<group>"; };
		8C917F54191C363300CD2C77 /* OVR_Linux_SensorDevice.cpp */ = {isa = PBXFileReference; fileEncoding = 4; lastKnownFileType = sourcecode.cpp.cpp; path = OVR_Linux_SensorDevice.cpp; sourceTree = "<group>"; };
		8C917F55191C363300CD2C77 /* OVR_OSX_DeviceManager.cpp */ = {isa = PBXFileReference; fileEncoding = 4; lastKnownFileType = sourcecode.cpp.cpp; path = OVR_OSX_DeviceManager.cpp; sourceTree = "<group>"; };
		8C917F56191C363300CD2C77 /* OVR_OSX_DeviceManager.h */ = {isa = PBXFileReference; fileEncoding = 4; lastKnownFileType = sourcecode.c.h; path = OVR_OSX_DeviceManager.h; sourceTree = "<group>"; };
		8C917F57191C363300CD2C77 /* OVR_OSX_HIDDevice.cpp */ = {isa = PBXFileReference; fileEncoding = 4; lastKnownFileType = sourcecode.cpp.cpp; path = OVR_OSX_HIDDevice.cpp; sourceTree = "<group>"; };
		8C917F58191C363300CD2C77 /* OVR_OSX_HIDDevice.h */ = {isa = PBXFileReference; fileEncoding = 4; lastKnownFileType = sourcecode.c.h; path = OVR_OSX_HIDDevice.h; sourceTree = "<group>"; };
		8C917F59191C363300CD2C77 /* OVR_OSX_HMDDevice.cpp */ = {isa = PBXFileReference; fileEncoding = 4; lastKnownFileType = sourcecode.cpp.cpp; path = OVR_OSX_HMDDevice.cpp; sourceTree = "<group>"; };
		8C917F5A191C363300CD2C77 /* OVR_OSX_HMDDevice.h */ = {isa = PBXFileReference; fileEncoding = 4; lastKnownFileType = sourcecode.c.h; path = OVR_OSX_HMDDevice.h; sourceTree = "<group>"; };
		8C917F5B191C363300CD2C77 /* OVR_OSX_SensorDevice.cpp */ = {isa = PBXFileReference; fileEncoding = 4; lastKnownFileType = sourcecode.cpp.cpp; path = OVR_OSX_SensorDevice.cpp; sourceTree = "<group>"; };
		8C917F5C191C363300CD2C77 /* OVR_Profile.cpp */ = {isa = PBXFileReference; fileEncoding = 4; lastKnownFileType = sourcecode.cpp.cpp; path = OVR_Profile.cpp; sourceTree = "<group>"; };
		8C917F5D191C363300CD2C77 /* OVR_Profile.h */ = {isa = PBXFileReference; fileEncoding = 4; lastKnownFileType = sourcecode.c.h; path = OVR_Profile.h; sourceTree = "<group>"; };
		8C917F5E191C363300CD2C77 /* OVR_SensorFilter.cpp */ = {isa = PBXFileReference; fileEncoding = 4; lastKnownFileType = sourcecode.cpp.cpp; path = OVR_SensorFilter.cpp; sourceTree = "<group>"; };
		8C917F5F191C363300CD2C77 /* OVR_SensorFilter.h */ = {isa = PBXFileReference; fileEncoding = 4; lastKnownFileType = sourcecode.c.h; path = OVR_SensorFilter.h; sourceTree = "<group>"; };
		8C917F60191C363300CD2C77 /* OVR_SensorFusion.cpp */ = {isa = PBXFileReference; fileEncoding = 4; lastKnownFileType = sourcecode.cpp.cpp; path = OVR_SensorFusion.cpp; sourceTree = "<group>"; };
		8C917F61191C363300CD2C77 /* OVR_SensorFusion.h */ = {isa = PBXFileReference; fileEncoding = 4; lastKnownFileType = sourcecode.c.h; path = OVR_SensorFusion.h; sourceTree = "<group>"; };
		8C917F62191C363300CD2C77 /* OVR_SensorImpl.cpp */ = {isa = PBXFileReference; fileEncoding = 4; lastKnownFileType = sourcecode.cpp.cpp; path = OVR_SensorImpl.cpp; sourceTree = "<group>"; };
		8C917F63191C363300CD2C77 /* OVR_SensorImpl.h */ = {isa = PBXFileReference; fileEncoding = 4; lastKnownFileType = sourcecode.c.h; path = OVR_SensorImpl.h; sourceTree = "<group>"; };
		8C917F64191C363300CD2C77 /* OVR_ThreadCommandQueue.cpp */ = {isa = PBXFileReference; fileEncoding = 4; lastKnownFileType = sourcecode.cpp.cpp; path = OVR_ThreadCommandQueue.cpp; sourceTree = "<group>"; };
		8C917F65191C363300CD2C77 /* OVR_ThreadCommandQueue.h */ = {isa = PBXFileReference; fileEncoding = 4; lastKnownFileType = sourcecode.c.h; path = OVR_ThreadCommandQueue.h; sourceTree = "<group>"; };
		8C917F66191C363300CD2C77 /* OVR_Win32_DeviceManager.cpp */ = {isa = PBXFileReference; fileEncoding = 4; lastKnownFileType = sourcecode.cpp.cpp; path = OVR_Win32_DeviceManager.cpp; sourceTree = "<group>"; };
		8C917F67191C363300CD2C77 /* OVR_Win32_DeviceManager.h */ = {isa = PBXFileReference; fileEncoding = 4; lastKnownFileType = sourcecode.c.h; path = OVR_Win32_DeviceManager.h; sourceTree = "<group>"; };
		8C917F68191C363300CD2C77 /* OVR_Win32_DeviceStatus.cpp */ = {isa = PBXFileReference; fileEncoding = 4; lastKnownFileType = sourcecode.cpp.cpp; path = OVR_Win32_DeviceStatus.cpp; sourceTree = "<group>"; };
		8C917F69191C363300CD2C77 /* OVR_Win32_DeviceStatus.h */ = {isa = PBXFileReference; fileEncoding = 4; lastKnownFileType = sourcecode.c.h; path = OVR_Win32_DeviceStatus.h; sourceTree = "<group>"; };
		8C917F6A191C363300CD2C77 /* OVR_Win32_HIDDevice.cpp */ = {isa = PBXFileReference; fileEncoding = 4; lastKnownFileType = sourcecode.cpp.cpp; path = OVR_Win32_HIDDevice.cpp; sourceTree = "<group>"; };
		8C917F6B191C363300CD2C77 /* OVR_Win32_HIDDevice.h */ = {isa = PBXFileReference; fileEncoding = 4; lastKnownFileType = sourcecode.c.h; path = OVR_Win32_HIDDevice.h; sourceTree = "<group>"; };
		8C917F6C191C363300CD2C77 /* OVR_Win32_HMDDevice.cpp */ = {isa = PBXFileReference; fileEncoding = 4; lastKnownFileType = sourcecode.cpp.cpp; path = OVR_Win32_HMDDevice.cpp; sourceTree = "<group>"; };
		8C917F6D191C363300CD2C77 /* OVR_Win32_HMDDevice.h */ = {isa = PBXFileReference; fileEncoding = 4; lastKnownFileType = sourcecode.c.h; path = OVR_Win32_HMDDevice.h; sourceTree = "<group>"; };
		8C917F6E191C363300CD2C77 /* OVR_Win32_SensorDevice.cpp */ = {isa = PBXFileReference; fileEncoding = 4; lastKnownFileType = sourcecode.cpp.cpp; path = OVR_Win32_SensorDevice.cpp; sourceTree = "<group>"; };
		8C917F6F191C363300CD2C77 /* OVR_Win32_SensorDevice.h */ = {isa = PBXFileReference; fileEncoding = 4; lastKnownFileType = sourcecode.c.h; path = OVR_Win32_SensorDevice.h; sourceTree = "<group>"; };
		8C917F71191C363300CD2C77 /* Util_LatencyTest.cpp */ = {isa = PBXFileReference; fileEncoding = 4; lastKnownFileType = sourcecode.cpp.cpp; path = Util_LatencyTest.cpp; sourceTree = "<group>"; };
		8C917F72191C363300CD2C77 /* Util_LatencyTest.h */ = {isa = PBXFileReference; fileEncoding = 4; lastKnownFileType = sourcecode.c.h; path = Util_LatencyTest.h; sourceTree = "<group>"; };
		8C917F73191C363300CD2C77 /* Util_Render_Stereo.cpp */ = {isa = PBXFileReference; fileEncoding = 4; lastKnownFileType = sourcecode.cpp.cpp; path = Util_Render_Stereo.cpp; sourceTree = "<group>"; };
		8C917F74191C363300CD2C77 /* Util_Render_Stereo.h */ = {isa = PBXFileReference; fileEncoding = 4; lastKnownFileType = sourcecode.c.h; path = Util_Render_Stereo.h; sourceTree = "<group>"; };
		8C917FAC191C3B3F00CD2C77 /* libovr.dylib */ = {isa = PBXFileReference; explicitFileType = "compiled.mach-o.dylib"; includeInIndex = 0; path = libovr.dylib; sourceTree = BUILT_PRODUCTS_DIR; };
		8C918013191C40AA00CD2C77 /* CoreFoundation.framework */ = {isa = PBXFileReference; lastKnownFileType = wrapper.framework; name = CoreFoundation.framework; path = System/Library/Frameworks/CoreFoundation.framework; sourceTree = SDKROOT; };
		8C918015191C40CD00CD2C77 /* CoreGraphics.framework */ = {isa = PBXFileReference; lastKnownFileType = wrapper.framework; name = CoreGraphics.framework; path = System/Library/Frameworks/CoreGraphics.framework; sourceTree = SDKROOT; };
		8C918017191C40E600CD2C77 /* CoreMediaIO.framework */ = {isa = PBXFileReference; lastKnownFileType = wrapper.framework; name = CoreMediaIO.framework; path = System/Library/Frameworks/CoreMediaIO.framework; sourceTree = SDKROOT; };
		8C918019191C413800CD2C77 /* OpenGL.framework */ = {isa = PBXFileReference; lastKnownFileType = wrapper.framework; name = OpenGL.framework; path = System/Library/Frameworks/OpenGL.framework; sourceTree = SDKROOT; };
		8C91801B191C414000CD2C77 /* IOKit.framework */ = {isa = PBXFileReference; lastKnownFileType = wrapper.framework; name = IOKit.framework; path = System/Library/Frameworks/IOKit.framework; sourceTree = SDKROOT; };
		8C9180251922BDB100CD2C77 /* vertexShader.glsl */ = {isa = PBXFileReference; fileEncoding = 4; lastKnownFileType = text; path = vertexShader.glsl; sourceTree = "<group>"; };
		8C91802A1922C3B600CD2C77 /* fragmentShaderPass.glsl */ = {isa = PBXFileReference; fileEncoding = 4; lastKnownFileType = text; path = fragmentShaderPass.glsl; sourceTree = "<group>"; };
		8C91802C1922C48400CD2C77 /* fragmentShaderRift.glsl */ = {isa = PBXFileReference; fileEncoding = 4; lastKnownFileType = text; path = fragmentShaderRift.glsl; sourceTree = "<group>"; };
		8CA8A58A1AD59D8A001EF617 /* Rift-raff.iconset */ = {isa = PBXFileReference; lastKnownFileType = folder.iconset; path = "Rift-raff.iconset"; sourceTree = "<group>"; };
/* End PBXFileReference section */

/* Begin PBXFrameworksBuildPhase section */
		52643C2C191C28380008350D /* Frameworks */ = {
			isa = PBXFrameworksBuildPhase;
			buildActionMask = 2147483647;
			files = (
				8CECDE3A1928B6FE00F5DFA4 /* libovr.dylib in Frameworks */,
				52D4CE0E191CEC0A00470354 /* CoreMedia.framework in Frameworks */,
				529ECB98191CB03A00462050 /* CoreVideo.framework in Frameworks */,
				529ECB97191CAD5300462050 /* QuartzCore.framework in Frameworks */,
				529ECB96191CA9DE00462050 /* OpenGL.framework in Frameworks */,
				526E13C9191C9A35009720A3 /* GLKit.framework in Frameworks */,
				52C4AFE1191C86EC0099C196 /* AVFoundation.framework in Frameworks */,
				52C4AFE2191C86EC0099C196 /* AVKit.framework in Frameworks */,
				52643C33191C28380008350D /* Cocoa.framework in Frameworks */,
			);
			runOnlyForDeploymentPostprocessing = 0;
		};
		52643C4D191C28380008350D /* Frameworks */ = {
			isa = PBXFrameworksBuildPhase;
			buildActionMask = 2147483647;
			files = (
				52643C53191C28380008350D /* Cocoa.framework in Frameworks */,
				52643C52191C28380008350D /* XCTest.framework in Frameworks */,
			);
			runOnlyForDeploymentPostprocessing = 0;
		};
		8C917FA9191C3B3F00CD2C77 /* Frameworks */ = {
			isa = PBXFrameworksBuildPhase;
			buildActionMask = 2147483647;
			files = (
				8C91801C191C414000CD2C77 /* IOKit.framework in Frameworks */,
				8C91801A191C413800CD2C77 /* OpenGL.framework in Frameworks */,
				8C918016191C40CD00CD2C77 /* CoreGraphics.framework in Frameworks */,
				8C918014191C40AA00CD2C77 /* CoreFoundation.framework in Frameworks */,
			);
			runOnlyForDeploymentPostprocessing = 0;
		};
/* End PBXFrameworksBuildPhase section */

/* Begin PBXGroup section */
		52643C26191C28380008350D = {
			isa = PBXGroup;
			children = (
				8CA8A58A1AD59D8A001EF617 /* Rift-raff.iconset */,
				8C917FA5191C388800CD2C77 /* Assets */,
				8C917F0C191C363300CD2C77 /* LibOVR */,
				52643C38191C28380008350D /* Rift-raff */,
				52643C56191C28380008350D /* RiftRaffTests */,
				52643C31191C28380008350D /* Frameworks */,
				52643C30191C28380008350D /* Products */,
			);
			sourceTree = "<group>";
		};
		52643C30191C28380008350D /* Products */ = {
			isa = PBXGroup;
			children = (
				52643C2F191C28380008350D /* Rift-raff.app */,
				52643C50191C28380008350D /* Rift-raffTests.xctest */,
				8C917FAC191C3B3F00CD2C77 /* libovr.dylib */,
			);
			name = Products;
			sourceTree = "<group>";
		};
		52643C31191C28380008350D /* Frameworks */ = {
			isa = PBXGroup;
			children = (
				52893CD0191CA77D000FB98E /* QuickTime.framework */,
				526E13C8191C9A35009720A3 /* GLKit.framework */,
				526E13C3191C9542009720A3 /* ImageCaptureCore.framework */,
				526E13C0191C9524009720A3 /* ImageIO.framework */,
				526E13BE191C9517009720A3 /* QuartzCore.framework */,
				526E13BA191C950D009720A3 /* CoreMedia.framework */,
				526E13BB191C950D009720A3 /* CoreVideo.framework */,
				52C4AFDF191C86EC0099C196 /* AVFoundation.framework */,
				52C4AFE0191C86EC0099C196 /* AVKit.framework */,
				529A8806191C75C200F346E3 /* QTKit.framework */,
				8C91801B191C414000CD2C77 /* IOKit.framework */,
				8C918019191C413800CD2C77 /* OpenGL.framework */,
				8C918017191C40E600CD2C77 /* CoreMediaIO.framework */,
				8C918015191C40CD00CD2C77 /* CoreGraphics.framework */,
				8C918013191C40AA00CD2C77 /* CoreFoundation.framework */,
				52643C32191C28380008350D /* Cocoa.framework */,
				52643C51191C28380008350D /* XCTest.framework */,
				52643C34191C28380008350D /* Other Frameworks */,
			);
			name = Frameworks;
			sourceTree = "<group>";
		};
		52643C34191C28380008350D /* Other Frameworks */ = {
			isa = PBXGroup;
			children = (
				52643C35191C28380008350D /* AppKit.framework */,
				52643C36191C28380008350D /* CoreData.framework */,
				52643C37191C28380008350D /* Foundation.framework */,
			);
			name = "Other Frameworks";
			sourceTree = "<group>";
		};
		52643C38191C28380008350D /* Rift-raff */ = {
			isa = PBXGroup;
			children = (
				52893CCC191CA625000FB98E /* OpenGLMovieLayer.h */,
				52893CCD191CA625000FB98E /* OpenGLMovieLayer.mm */,
				52643C44191C28380008350D /* AppDelegate.h */,
				52643C45191C28380008350D /* AppDelegate.mm */,
				52643C47191C28380008350D /* MainMenu.xib */,
				52643C4A191C28380008350D /* Images.xcassets */,
				52643C39191C28380008350D /* Supporting Files */,
			);
			name = "Rift-raff";
			path = Riftraff;
			sourceTree = "<group>";
		};
		52643C39191C28380008350D /* Supporting Files */ = {
			isa = PBXGroup;
			children = (
				52643C3A191C28380008350D /* Rift-raff-Info.plist */,
				52643C3B191C28380008350D /* InfoPlist.strings */,
				52643C3E191C28380008350D /* main.m */,
				52643C40191C28380008350D /* Rift-raff-Prefix.pch */,
				52643C41191C28380008350D /* Credits.rtf */,
			);
			name = "Supporting Files";
			sourceTree = "<group>";
		};
		52643C56191C28380008350D /* RiftRaffTests */ = {
			isa = PBXGroup;
			children = (
				52643C5C191C28380008350D /* Test3dTests.m */,
				52643C57191C28380008350D /* Supporting Files */,
			);
			name = RiftRaffTests;
			path = RiftraffTests;
			sourceTree = "<group>";
		};
		52643C57191C28380008350D /* Supporting Files */ = {
			isa = PBXGroup;
			children = (
				52643C58191C28380008350D /* Rift-raffTests-Info.plist */,
				52643C59191C28380008350D /* InfoPlist.strings */,
			);
			name = "Supporting Files";
			sourceTree = "<group>";
		};
		8C917F0C191C363300CD2C77 /* LibOVR */ = {
			isa = PBXGroup;
			children = (
				8C917F0D191C363300CD2C77 /* Include */,
				8C917F10191C363300CD2C77 /* Lib */,
				8C917F16191C363300CD2C77 /* Src */,
			);
			path = LibOVR;
			sourceTree = "<group>";
		};
		8C917F0D191C363300CD2C77 /* Include */ = {
			isa = PBXGroup;
			children = (
				8C917F0E191C363300CD2C77 /* OVR.h */,
				8C917F0F191C363300CD2C77 /* OVRVersion.h */,
			);
			path = Include;
			sourceTree = "<group>";
		};
		8C917F10191C363300CD2C77 /* Lib */ = {
			isa = PBXGroup;
			children = (
				8C917F11191C363300CD2C77 /* MacOS */,
			);
			path = Lib;
			sourceTree = "<group>";
		};
		8C917F11191C363300CD2C77 /* MacOS */ = {
			isa = PBXGroup;
			children = (
				8C917F12191C363300CD2C77 /* Debug */,
				8C917F14191C363300CD2C77 /* Release */,
			);
			path = MacOS;
			sourceTree = "<group>";
		};
		8C917F12191C363300CD2C77 /* Debug */ = {
			isa = PBXGroup;
			children = (
				8C917F13191C363300CD2C77 /* libovr.a */,
			);
			path = Debug;
			sourceTree = "<group>";
		};
		8C917F14191C363300CD2C77 /* Release */ = {
			isa = PBXGroup;
			children = (
				8C917F15191C363300CD2C77 /* libovr.a */,
			);
			path = Release;
			sourceTree = "<group>";
		};
		8C917F16191C363300CD2C77 /* Src */ = {
			isa = PBXGroup;
			children = (
				8C917F17191C363300CD2C77 /* Kernel */,
				8C917F40191C363300CD2C77 /* OVR_Device.h */,
				8C917F41191C363300CD2C77 /* OVR_DeviceConstants.h */,
				8C917F42191C363300CD2C77 /* OVR_DeviceHandle.cpp */,
				8C917F43191C363300CD2C77 /* OVR_DeviceHandle.h */,
				8C917F44191C363300CD2C77 /* OVR_DeviceImpl.cpp */,
				8C917F45191C363300CD2C77 /* OVR_DeviceImpl.h */,
				8C917F46191C363300CD2C77 /* OVR_DeviceMessages.h */,
				8C917F47191C363300CD2C77 /* OVR_HIDDevice.h */,
				8C917F48191C363300CD2C77 /* OVR_HIDDeviceBase.h */,
				8C917F49191C363300CD2C77 /* OVR_HIDDeviceImpl.h */,
				8C917F4A191C363300CD2C77 /* OVR_JSON.cpp */,
				8C917F4B191C363300CD2C77 /* OVR_JSON.h */,
				8C917F4C191C363300CD2C77 /* OVR_LatencyTestImpl.cpp */,
				8C917F4D191C363300CD2C77 /* OVR_LatencyTestImpl.h */,
				8C917F4E191C363300CD2C77 /* OVR_Linux_DeviceManager.cpp */,
				8C917F4F191C363300CD2C77 /* OVR_Linux_DeviceManager.h */,
				8C917F50191C363300CD2C77 /* OVR_Linux_HIDDevice.cpp */,
				8C917F51191C363300CD2C77 /* OVR_Linux_HIDDevice.h */,
				8C917F52191C363300CD2C77 /* OVR_Linux_HMDDevice.cpp */,
				8C917F53191C363300CD2C77 /* OVR_Linux_HMDDevice.h */,
				8C917F54191C363300CD2C77 /* OVR_Linux_SensorDevice.cpp */,
				8C917F55191C363300CD2C77 /* OVR_OSX_DeviceManager.cpp */,
				8C917F56191C363300CD2C77 /* OVR_OSX_DeviceManager.h */,
				8C917F57191C363300CD2C77 /* OVR_OSX_HIDDevice.cpp */,
				8C917F58191C363300CD2C77 /* OVR_OSX_HIDDevice.h */,
				8C917F59191C363300CD2C77 /* OVR_OSX_HMDDevice.cpp */,
				8C917F5A191C363300CD2C77 /* OVR_OSX_HMDDevice.h */,
				8C917F5B191C363300CD2C77 /* OVR_OSX_SensorDevice.cpp */,
				8C917F5C191C363300CD2C77 /* OVR_Profile.cpp */,
				8C917F5D191C363300CD2C77 /* OVR_Profile.h */,
				8C917F5E191C363300CD2C77 /* OVR_SensorFilter.cpp */,
				8C917F5F191C363300CD2C77 /* OVR_SensorFilter.h */,
				8C917F60191C363300CD2C77 /* OVR_SensorFusion.cpp */,
				8C917F61191C363300CD2C77 /* OVR_SensorFusion.h */,
				8C917F62191C363300CD2C77 /* OVR_SensorImpl.cpp */,
				8C917F63191C363300CD2C77 /* OVR_SensorImpl.h */,
				8C917F64191C363300CD2C77 /* OVR_ThreadCommandQueue.cpp */,
				8C917F65191C363300CD2C77 /* OVR_ThreadCommandQueue.h */,
				8C917F66191C363300CD2C77 /* OVR_Win32_DeviceManager.cpp */,
				8C917F67191C363300CD2C77 /* OVR_Win32_DeviceManager.h */,
				8C917F68191C363300CD2C77 /* OVR_Win32_DeviceStatus.cpp */,
				8C917F69191C363300CD2C77 /* OVR_Win32_DeviceStatus.h */,
				8C917F6A191C363300CD2C77 /* OVR_Win32_HIDDevice.cpp */,
				8C917F6B191C363300CD2C77 /* OVR_Win32_HIDDevice.h */,
				8C917F6C191C363300CD2C77 /* OVR_Win32_HMDDevice.cpp */,
				8C917F6D191C363300CD2C77 /* OVR_Win32_HMDDevice.h */,
				8C917F6E191C363300CD2C77 /* OVR_Win32_SensorDevice.cpp */,
				8C917F6F191C363300CD2C77 /* OVR_Win32_SensorDevice.h */,
				8C917F70191C363300CD2C77 /* Util */,
			);
			path = Src;
			sourceTree = "<group>";
		};
		8C917F17191C363300CD2C77 /* Kernel */ = {
			isa = PBXGroup;
			children = (
				8C917F18191C363300CD2C77 /* OVR_Alg.cpp */,
				8C917F19191C363300CD2C77 /* OVR_Alg.h */,
				8C917F1A191C363300CD2C77 /* OVR_Allocator.cpp */,
				8C917F1B191C363300CD2C77 /* OVR_Allocator.h */,
				8C917F1C191C363300CD2C77 /* OVR_Array.h */,
				8C917F1D191C363300CD2C77 /* OVR_Atomic.cpp */,
				8C917F1E191C363300CD2C77 /* OVR_Atomic.h */,
				8C917F1F191C363300CD2C77 /* OVR_Color.h */,
				8C917F20191C363300CD2C77 /* OVR_ContainerAllocator.h */,
				8C917F21191C363300CD2C77 /* OVR_File.cpp */,
				8C917F22191C363300CD2C77 /* OVR_File.h */,
				8C917F23191C363300CD2C77 /* OVR_FileFILE.cpp */,
				8C917F24191C363300CD2C77 /* OVR_Hash.h */,
				8C917F25191C363300CD2C77 /* OVR_KeyCodes.h */,
				8C917F26191C363300CD2C77 /* OVR_List.h */,
				8C917F27191C363300CD2C77 /* OVR_Log.cpp */,
				8C917F28191C363300CD2C77 /* OVR_Log.h */,
				8C917F29191C363300CD2C77 /* OVR_Math.cpp */,
				8C917F2A191C363300CD2C77 /* OVR_Math.h */,
				8C917F2B191C363300CD2C77 /* OVR_RefCount.cpp */,
				8C917F2C191C363300CD2C77 /* OVR_RefCount.h */,
				8C917F2D191C363300CD2C77 /* OVR_Std.cpp */,
				8C917F2E191C363300CD2C77 /* OVR_Std.h */,
				8C917F2F191C363300CD2C77 /* OVR_String.cpp */,
				8C917F30191C363300CD2C77 /* OVR_String.h */,
				8C917F31191C363300CD2C77 /* OVR_String_FormatUtil.cpp */,
				8C917F32191C363300CD2C77 /* OVR_String_PathUtil.cpp */,
				8C917F33191C363300CD2C77 /* OVR_StringHash.h */,
				8C917F34191C363300CD2C77 /* OVR_SysFile.cpp */,
				8C917F35191C363300CD2C77 /* OVR_SysFile.h */,
				8C917F36191C363300CD2C77 /* OVR_System.cpp */,
				8C917F37191C363300CD2C77 /* OVR_System.h */,
				8C917F38191C363300CD2C77 /* OVR_Threads.h */,
				8C917F39191C363300CD2C77 /* OVR_ThreadsPthread.cpp */,
				8C917F3A191C363300CD2C77 /* OVR_ThreadsWinAPI.cpp */,
				8C917F3B191C363300CD2C77 /* OVR_Timer.cpp */,
				8C917F3C191C363300CD2C77 /* OVR_Timer.h */,
				8C917F3D191C363300CD2C77 /* OVR_Types.h */,
				8C917F3E191C363300CD2C77 /* OVR_UTF8Util.cpp */,
				8C917F3F191C363300CD2C77 /* OVR_UTF8Util.h */,
			);
			path = Kernel;
			sourceTree = "<group>";
		};
		8C917F70191C363300CD2C77 /* Util */ = {
			isa = PBXGroup;
			children = (
				8C917F71191C363300CD2C77 /* Util_LatencyTest.cpp */,
				8C917F72191C363300CD2C77 /* Util_LatencyTest.h */,
				8C917F73191C363300CD2C77 /* Util_Render_Stereo.cpp */,
				8C917F74191C363300CD2C77 /* Util_Render_Stereo.h */,
			);
			path = Util;
			sourceTree = "<group>";
		};
		8C917FA5191C388800CD2C77 /* Assets */ = {
			isa = PBXGroup;
			children = (
				8C9180241922BD8F00CD2C77 /* Shaders */,
			);
			name = Assets;
			sourceTree = "<group>";
		};
		8C9180241922BD8F00CD2C77 /* Shaders */ = {
			isa = PBXGroup;
			children = (
				8C9180251922BDB100CD2C77 /* vertexShader.glsl */,
				52C4AFDD191C823B0099C196 /* shrek.mp4 */,
				8C91802A1922C3B600CD2C77 /* fragmentShaderPass.glsl */,
				8C91802C1922C48400CD2C77 /* fragmentShaderRift.glsl */,
			);
			name = Shaders;
			path = Riftraff;
			sourceTree = "<group>";
		};
/* End PBXGroup section */

/* Begin PBXHeadersBuildPhase section */
		8C917FAA191C3B3F00CD2C77 /* Headers */ = {
			isa = PBXHeadersBuildPhase;
			buildActionMask = 2147483647;
			files = (
				8C917FD3191C3B5F00CD2C77 /* OVR_SensorImpl.h in Headers */,
				8C917FE6191C3B8200CD2C77 /* OVR_Atomic.h in Headers */,
				8C917FD5191C3B5F00CD2C77 /* OVR_ThreadCommandQueue.h in Headers */,
				8C917FDD191C3B5F00CD2C77 /* OVR_Win32_HMDDevice.h in Headers */,
				8C917FB3191C3B5F00CD2C77 /* OVR_DeviceHandle.h in Headers */,
				8C917FDF191C3B5F00CD2C77 /* OVR_Win32_SensorDevice.h in Headers */,
				8C917FCA191C3B5F00CD2C77 /* OVR_OSX_HMDDevice.h in Headers */,
				8C917FB6191C3B5F00CD2C77 /* OVR_DeviceMessages.h in Headers */,
				8C917FE8191C3B8200CD2C77 /* OVR_ContainerAllocator.h in Headers */,
				8C917FE4191C3B8200CD2C77 /* OVR_Array.h in Headers */,
				8C917FEC191C3B8200CD2C77 /* OVR_Hash.h in Headers */,
				8C917FB1191C3B5F00CD2C77 /* OVR_DeviceConstants.h in Headers */,
				8C918000191C3B8200CD2C77 /* OVR_Threads.h in Headers */,
				8C917FD9191C3B5F00CD2C77 /* OVR_Win32_DeviceStatus.h in Headers */,
				8C918004191C3B8200CD2C77 /* OVR_Timer.h in Headers */,
				8C917FCD191C3B5F00CD2C77 /* OVR_Profile.h in Headers */,
				8C917FE7191C3B8200CD2C77 /* OVR_Color.h in Headers */,
				8C917FDB191C3B5F00CD2C77 /* OVR_Win32_HIDDevice.h in Headers */,
				8C917FC8191C3B5F00CD2C77 /* OVR_OSX_HIDDevice.h in Headers */,
				8C918005191C3B8200CD2C77 /* OVR_Types.h in Headers */,
				8C917FB5191C3B5F00CD2C77 /* OVR_DeviceImpl.h in Headers */,
				8C917FFD191C3B8200CD2C77 /* OVR_SysFile.h in Headers */,
				8C917FD1191C3B5F00CD2C77 /* OVR_SensorFusion.h in Headers */,
				8C917FF0191C3B8200CD2C77 /* OVR_Log.h in Headers */,
				8C917FFF191C3B8200CD2C77 /* OVR_System.h in Headers */,
				8C917FF8191C3B8200CD2C77 /* OVR_String.h in Headers */,
				8C917FBF191C3B5F00CD2C77 /* OVR_Linux_DeviceManager.h in Headers */,
				8C917FC6191C3B5F00CD2C77 /* OVR_OSX_DeviceManager.h in Headers */,
				8C917FC1191C3B5F00CD2C77 /* OVR_Linux_HIDDevice.h in Headers */,
				8C917FB8191C3B5F00CD2C77 /* OVR_HIDDeviceBase.h in Headers */,
				8C917FF6191C3B8200CD2C77 /* OVR_Std.h in Headers */,
				8C918007191C3B8200CD2C77 /* OVR_UTF8Util.h in Headers */,
				8C917FEA191C3B8200CD2C77 /* OVR_File.h in Headers */,
				8C917FB7191C3B5F00CD2C77 /* OVR_HIDDevice.h in Headers */,
				8C917FBB191C3B5F00CD2C77 /* OVR_JSON.h in Headers */,
				8C918009191C3B8800CD2C77 /* Util_LatencyTest.h in Headers */,
				8C917FEE191C3B8200CD2C77 /* OVR_List.h in Headers */,
				8C917FE3191C3B8200CD2C77 /* OVR_Allocator.h in Headers */,
				8C917FD7191C3B5F00CD2C77 /* OVR_Win32_DeviceManager.h in Headers */,
				8C917FF4191C3B8200CD2C77 /* OVR_RefCount.h in Headers */,
				8C917FE1191C3B8200CD2C77 /* OVR_Alg.h in Headers */,
				8C917FB9191C3B5F00CD2C77 /* OVR_HIDDeviceImpl.h in Headers */,
				8C917FED191C3B8200CD2C77 /* OVR_KeyCodes.h in Headers */,
				8C917FC3191C3B5F00CD2C77 /* OVR_Linux_HMDDevice.h in Headers */,
				8C917FB0191C3B5F00CD2C77 /* OVR_Device.h in Headers */,
				8C917FCF191C3B5F00CD2C77 /* OVR_SensorFilter.h in Headers */,
				8C917FF2191C3B8200CD2C77 /* OVR_Math.h in Headers */,
				8C917FBD191C3B5F00CD2C77 /* OVR_LatencyTestImpl.h in Headers */,
				8C91800B191C3B8800CD2C77 /* Util_Render_Stereo.h in Headers */,
				8C917FFB191C3B8200CD2C77 /* OVR_StringHash.h in Headers */,
			);
			runOnlyForDeploymentPostprocessing = 0;
		};
/* End PBXHeadersBuildPhase section */

/* Begin PBXNativeTarget section */
		52643C2E191C28380008350D /* Rift-raff */ = {
			isa = PBXNativeTarget;
			buildConfigurationList = 52643C60191C28380008350D /* Build configuration list for PBXNativeTarget "Rift-raff" */;
			buildPhases = (
				52643C2B191C28380008350D /* Sources */,
				52643C2C191C28380008350D /* Frameworks */,
				52643C2D191C28380008350D /* Resources */,
			);
			buildRules = (
			);
			dependencies = (
				8C91800F191C3F0E00CD2C77 /* PBXTargetDependency */,
			);
			name = "Rift-raff";
			productName = Test3d;
			productReference = 52643C2F191C28380008350D /* Rift-raff.app */;
			productType = "com.apple.product-type.application";
		};
		52643C4F191C28380008350D /* Rift-raffTests */ = {
			isa = PBXNativeTarget;
			buildConfigurationList = 52643C63191C28380008350D /* Build configuration list for PBXNativeTarget "Rift-raffTests" */;
			buildPhases = (
				52643C4C191C28380008350D /* Sources */,
				52643C4D191C28380008350D /* Frameworks */,
				52643C4E191C28380008350D /* Resources */,
			);
			buildRules = (
			);
			dependencies = (
				52643C55191C28380008350D /* PBXTargetDependency */,
			);
			name = "Rift-raffTests";
			productName = Test3dTests;
			productReference = 52643C50191C28380008350D /* Rift-raffTests.xctest */;
			productType = "com.apple.product-type.bundle.unit-test";
		};
		8C917FAB191C3B3F00CD2C77 /* ovr */ = {
			isa = PBXNativeTarget;
			buildConfigurationList = 8C917FAD191C3B4000CD2C77 /* Build configuration list for PBXNativeTarget "ovr" */;
			buildPhases = (
				8C917FA8191C3B3F00CD2C77 /* Sources */,
				8C917FA9191C3B3F00CD2C77 /* Frameworks */,
				8C917FAA191C3B3F00CD2C77 /* Headers */,
			);
			buildRules = (
			);
			dependencies = (
			);
			name = ovr;
			productName = ovr;
			productReference = 8C917FAC191C3B3F00CD2C77 /* libovr.dylib */;
			productType = "com.apple.product-type.library.dynamic";
		};
/* End PBXNativeTarget section */

/* Begin PBXProject section */
		52643C27191C28380008350D /* Project object */ = {
			isa = PBXProject;
			attributes = {
				LastUpgradeCheck = 0510;
				ORGANIZATIONNAME = "Facebook Inc.";
				TargetAttributes = {
					52643C4F191C28380008350D = {
						TestTargetID = 52643C2E191C28380008350D;
					};
				};
			};
			buildConfigurationList = 52643C2A191C28380008350D /* Build configuration list for PBXProject "Rift-raff" */;
			compatibilityVersion = "Xcode 3.2";
			developmentRegion = English;
			hasScannedForEncodings = 0;
			knownRegions = (
				en,
				Base,
			);
			mainGroup = 52643C26191C28380008350D;
			productRefGroup = 52643C30191C28380008350D /* Products */;
			projectDirPath = "";
			projectRoot = "";
			targets = (
				52643C2E191C28380008350D /* Rift-raff */,
				52643C4F191C28380008350D /* Rift-raffTests */,
				8C917FAB191C3B3F00CD2C77 /* ovr */,
			);
		};
/* End PBXProject section */

/* Begin PBXResourcesBuildPhase section */
		52643C2D191C28380008350D /* Resources */ = {
			isa = PBXResourcesBuildPhase;
			buildActionMask = 2147483647;
			files = (
				8C9180261922BDB100CD2C77 /* vertexShader.glsl in Resources */,
				52643C3D191C28380008350D /* InfoPlist.strings in Resources */,
				52643C4B191C28380008350D /* Images.xcassets in Resources */,
				8C91802D1922C48400CD2C77 /* fragmentShaderRift.glsl in Resources */,
				52643C43191C28380008350D /* Credits.rtf in Resources */,
				8CA8A58B1AD59D8A001EF617 /* Rift-raff.iconset in Resources */,
				8C91802B1922C3B600CD2C77 /* fragmentShaderPass.glsl in Resources */,
				52643C49191C28380008350D /* MainMenu.xib in Resources */,
			);
			runOnlyForDeploymentPostprocessing = 0;
		};
		52643C4E191C28380008350D /* Resources */ = {
			isa = PBXResourcesBuildPhase;
			buildActionMask = 2147483647;
			files = (
				52643C5B191C28380008350D /* InfoPlist.strings in Resources */,
			);
			runOnlyForDeploymentPostprocessing = 0;
		};
/* End PBXResourcesBuildPhase section */

/* Begin PBXSourcesBuildPhase section */
		52643C2B191C28380008350D /* Sources */ = {
			isa = PBXSourcesBuildPhase;
			buildActionMask = 2147483647;
			files = (
				8C918010191C3F4000CD2C77 /* AppDelegate.h in Sources */,
				8C918011191C3F4000CD2C77 /* AppDelegate.mm in Sources */,
				8C918012191C3F4000CD2C77 /* main.m in Sources */,
				52893CCE191CA625000FB98E /* OpenGLMovieLayer.mm in Sources */,
			);
			runOnlyForDeploymentPostprocessing = 0;
		};
		52643C4C191C28380008350D /* Sources */ = {
			isa = PBXSourcesBuildPhase;
			buildActionMask = 2147483647;
			files = (
				52643C5D191C28380008350D /* Test3dTests.m in Sources */,
			);
			runOnlyForDeploymentPostprocessing = 0;
		};
		8C917FA8191C3B3F00CD2C77 /* Sources */ = {
			isa = PBXSourcesBuildPhase;
			buildActionMask = 2147483647;
			files = (
				8C917FBC191C3B5F00CD2C77 /* OVR_LatencyTestImpl.cpp in Sources */,
				8C917FE9191C3B8200CD2C77 /* OVR_File.cpp in Sources */,
				8C91800C191C3EE900CD2C77 /* OVR_Timer.cpp in Sources */,
				8C917FF9191C3B8200CD2C77 /* OVR_String_FormatUtil.cpp in Sources */,
				8C91800A191C3B8800CD2C77 /* Util_Render_Stereo.cpp in Sources */,
				8C917FCE191C3B5F00CD2C77 /* OVR_SensorFilter.cpp in Sources */,
				8C917FFC191C3B8200CD2C77 /* OVR_SysFile.cpp in Sources */,
				8C91800D191C3EE900CD2C77 /* OVR_Profile.cpp in Sources */,
				8C917FEB191C3B8200CD2C77 /* OVR_FileFILE.cpp in Sources */,
				8C918001191C3B8200CD2C77 /* OVR_ThreadsPthread.cpp in Sources */,
				8C917FD4191C3B5F00CD2C77 /* OVR_ThreadCommandQueue.cpp in Sources */,
				8C917FD2191C3B5F00CD2C77 /* OVR_SensorImpl.cpp in Sources */,
				8C918008191C3B8800CD2C77 /* Util_LatencyTest.cpp in Sources */,
				8C917FF7191C3B8200CD2C77 /* OVR_String.cpp in Sources */,
				8C917FF1191C3B8200CD2C77 /* OVR_Math.cpp in Sources */,
				8C917FBA191C3B5F00CD2C77 /* OVR_JSON.cpp in Sources */,
				8C918006191C3B8200CD2C77 /* OVR_UTF8Util.cpp in Sources */,
				8C917FD0191C3B5F00CD2C77 /* OVR_SensorFusion.cpp in Sources */,
				8C917FF3191C3B8200CD2C77 /* OVR_RefCount.cpp in Sources */,
				8C917FC5191C3B5F00CD2C77 /* OVR_OSX_DeviceManager.cpp in Sources */,
				8C917FC7191C3B5F00CD2C77 /* OVR_OSX_HIDDevice.cpp in Sources */,
				8C917FC9191C3B5F00CD2C77 /* OVR_OSX_HMDDevice.cpp in Sources */,
				8C917FB2191C3B5F00CD2C77 /* OVR_DeviceHandle.cpp in Sources */,
				8C917FFA191C3B8200CD2C77 /* OVR_String_PathUtil.cpp in Sources */,
				8C917FE2191C3B8200CD2C77 /* OVR_Allocator.cpp in Sources */,
				8C917FEF191C3B8200CD2C77 /* OVR_Log.cpp in Sources */,
				8C917FE0191C3B8200CD2C77 /* OVR_Alg.cpp in Sources */,
				8C917FCB191C3B5F00CD2C77 /* OVR_OSX_SensorDevice.cpp in Sources */,
				8C917FF5191C3B8200CD2C77 /* OVR_Std.cpp in Sources */,
				8C917FB4191C3B5F00CD2C77 /* OVR_DeviceImpl.cpp in Sources */,
				8C917FFE191C3B8200CD2C77 /* OVR_System.cpp in Sources */,
				8C917FE5191C3B8200CD2C77 /* OVR_Atomic.cpp in Sources */,
			);
			runOnlyForDeploymentPostprocessing = 0;
		};
/* End PBXSourcesBuildPhase section */

/* Begin PBXTargetDependency section */
		52643C55191C28380008350D /* PBXTargetDependency */ = {
			isa = PBXTargetDependency;
			target = 52643C2E191C28380008350D /* Rift-raff */;
			targetProxy = 52643C54191C28380008350D /* PBXContainerItemProxy */;
		};
		8C91800F191C3F0E00CD2C77 /* PBXTargetDependency */ = {
			isa = PBXTargetDependency;
			target = 8C917FAB191C3B3F00CD2C77 /* ovr */;
			targetProxy = 8C91800E191C3F0E00CD2C77 /* PBXContainerItemProxy */;
		};
/* End PBXTargetDependency section */

/* Begin PBXVariantGroup section */
		52643C3B191C28380008350D /* InfoPlist.strings */ = {
			isa = PBXVariantGroup;
			children = (
				52643C3C191C28380008350D /* en */,
			);
			name = InfoPlist.strings;
			sourceTree = "<group>";
		};
		52643C41191C28380008350D /* Credits.rtf */ = {
			isa = PBXVariantGroup;
			children = (
				52643C42191C28380008350D /* en */,
			);
			name = Credits.rtf;
			sourceTree = "<group>";
		};
		52643C47191C28380008350D /* MainMenu.xib */ = {
			isa = PBXVariantGroup;
			children = (
				52643C48191C28380008350D /* Base */,
			);
			name = MainMenu.xib;
			sourceTree = "<group>";
		};
		52643C59191C28380008350D /* InfoPlist.strings */ = {
			isa = PBXVariantGroup;
			children = (
				52643C5A191C28380008350D /* en */,
			);
			name = InfoPlist.strings;
			sourceTree = "<group>";
		};
/* End PBXVariantGroup section */

/* Begin XCBuildConfiguration section */
		52643C5E191C28380008350D /* Debug */ = {
			isa = XCBuildConfiguration;
			buildSettings = {
				ALWAYS_SEARCH_USER_PATHS = NO;
				CLANG_CXX_LANGUAGE_STANDARD = "gnu++0x";
				CLANG_CXX_LIBRARY = "libc++";
				CLANG_ENABLE_MODULES = YES;
				CLANG_ENABLE_OBJC_ARC = YES;
				CLANG_WARN_BOOL_CONVERSION = YES;
				CLANG_WARN_CONSTANT_CONVERSION = YES;
				CLANG_WARN_DIRECT_OBJC_ISA_USAGE = YES_ERROR;
				CLANG_WARN_EMPTY_BODY = YES;
				CLANG_WARN_ENUM_CONVERSION = YES;
				CLANG_WARN_INT_CONVERSION = YES;
				CLANG_WARN_OBJC_ROOT_CLASS = YES_ERROR;
				CLANG_WARN__DUPLICATE_METHOD_MATCH = YES;
				COPY_PHASE_STRIP = NO;
				GCC_C_LANGUAGE_STANDARD = gnu99;
				GCC_DYNAMIC_NO_PIC = NO;
				GCC_ENABLE_OBJC_EXCEPTIONS = YES;
				GCC_OPTIMIZATION_LEVEL = 0;
				GCC_PREPROCESSOR_DEFINITIONS = (
					"DEBUG=1",
					"$(inherited)",
				);
				GCC_SYMBOLS_PRIVATE_EXTERN = NO;
				GCC_WARN_64_TO_32_BIT_CONVERSION = YES;
				GCC_WARN_ABOUT_RETURN_TYPE = YES_ERROR;
				GCC_WARN_UNDECLARED_SELECTOR = YES;
				GCC_WARN_UNINITIALIZED_AUTOS = YES_AGGRESSIVE;
				GCC_WARN_UNUSED_FUNCTION = YES;
				GCC_WARN_UNUSED_VARIABLE = YES;
				MACOSX_DEPLOYMENT_TARGET = 10.9;
				ONLY_ACTIVE_ARCH = YES;
				SDKROOT = macosx;
			};
			name = Debug;
		};
		52643C5F191C28380008350D /* Release */ = {
			isa = XCBuildConfiguration;
			buildSettings = {
				ALWAYS_SEARCH_USER_PATHS = NO;
				CLANG_CXX_LANGUAGE_STANDARD = "gnu++0x";
				CLANG_CXX_LIBRARY = "libc++";
				CLANG_ENABLE_MODULES = YES;
				CLANG_ENABLE_OBJC_ARC = YES;
				CLANG_WARN_BOOL_CONVERSION = YES;
				CLANG_WARN_CONSTANT_CONVERSION = YES;
				CLANG_WARN_DIRECT_OBJC_ISA_USAGE = YES_ERROR;
				CLANG_WARN_EMPTY_BODY = YES;
				CLANG_WARN_ENUM_CONVERSION = YES;
				CLANG_WARN_INT_CONVERSION = YES;
				CLANG_WARN_OBJC_ROOT_CLASS = YES_ERROR;
				CLANG_WARN__DUPLICATE_METHOD_MATCH = YES;
				COPY_PHASE_STRIP = YES;
				DEBUG_INFORMATION_FORMAT = "dwarf-with-dsym";
				ENABLE_NS_ASSERTIONS = NO;
				GCC_C_LANGUAGE_STANDARD = gnu99;
				GCC_ENABLE_OBJC_EXCEPTIONS = YES;
				GCC_WARN_64_TO_32_BIT_CONVERSION = YES;
				GCC_WARN_ABOUT_RETURN_TYPE = YES_ERROR;
				GCC_WARN_UNDECLARED_SELECTOR = YES;
				GCC_WARN_UNINITIALIZED_AUTOS = YES_AGGRESSIVE;
				GCC_WARN_UNUSED_FUNCTION = YES;
				GCC_WARN_UNUSED_VARIABLE = YES;
				MACOSX_DEPLOYMENT_TARGET = 10.9;
				SDKROOT = macosx;
			};
			name = Release;
		};
		52643C61191C28380008350D /* Debug */ = {
			isa = XCBuildConfiguration;
			buildSettings = {
				ASSETCATALOG_COMPILER_APPICON_NAME = AppIcon;
				COMBINE_HIDPI_IMAGES = YES;
				DEAD_CODE_STRIPPING = NO;
				GCC_PRECOMPILE_PREFIX_HEADER = YES;
				GCC_PREFIX_HEADER = "Riftraff/Rift-raff-Prefix.pch";
				INFOPLIST_FILE = "Riftraff/Rift-raff-Info.plist";
				LD_RUNPATH_SEARCH_PATHS = "@loader_path";
				LIBRARY_SEARCH_PATHS = (
					"$(inherited)",
					"$(SRCROOT)/LibOVR/Lib/MacOS/Debug",
					"$(SRCROOT)/LibOVR/Lib/MacOS/Release",
					"$(SRCROOT)/LibOVR/Lib/MacOS/Release",
				);
				PRODUCT_NAME = "Rift-raff";
				SKIP_INSTALL = NO;
				WRAPPER_EXTENSION = app;
			};
			name = Debug;
		};
		52643C62191C28380008350D /* Release */ = {
			isa = XCBuildConfiguration;
			buildSettings = {
				ASSETCATALOG_COMPILER_APPICON_NAME = AppIcon;
				COMBINE_HIDPI_IMAGES = YES;
				DEAD_CODE_STRIPPING = NO;
				GCC_PRECOMPILE_PREFIX_HEADER = YES;
				GCC_PREFIX_HEADER = "Riftraff/Rift-raff-Prefix.pch";
				INFOPLIST_FILE = "Riftraff/Rift-raff-Info.plist";
				LD_RUNPATH_SEARCH_PATHS = "@loader_path";
				LIBRARY_SEARCH_PATHS = (
					"$(inherited)",
					"$(SRCROOT)/LibOVR/Lib/MacOS/Debug",
					"$(SRCROOT)/LibOVR/Lib/MacOS/Release",
					"$(SRCROOT)/LibOVR/Lib/MacOS/Release",
				);
				PRODUCT_NAME = "Rift-raff";
				SKIP_INSTALL = NO;
				WRAPPER_EXTENSION = app;
			};
			name = Release;
		};
		52643C64191C28380008350D /* Debug */ = {
			isa = XCBuildConfiguration;
			buildSettings = {
				BUNDLE_LOADER = "$(BUILT_PRODUCTS_DIR)/Rift-raff.app/Contents/MacOS/Riftraff";
				COMBINE_HIDPI_IMAGES = YES;
				FRAMEWORK_SEARCH_PATHS = (
					"$(DEVELOPER_FRAMEWORKS_DIR)",
					"$(inherited)",
				);
				GCC_PRECOMPILE_PREFIX_HEADER = YES;
				GCC_PREFIX_HEADER = "Riftraff/Rift-raff-Prefix.pch";
				GCC_PREPROCESSOR_DEFINITIONS = (
					"DEBUG=1",
					"$(inherited)",
				);
				INFOPLIST_FILE = "RiftraffTests/Rift-raffTests-Info.plist";
				PRODUCT_NAME = "Rift-raffTests";
				TEST_HOST = "$(BUNDLE_LOADER)";
				WRAPPER_EXTENSION = xctest;
			};
			name = Debug;
		};
		52643C65191C28380008350D /* Release */ = {
			isa = XCBuildConfiguration;
			buildSettings = {
				BUNDLE_LOADER = "$(BUILT_PRODUCTS_DIR)/Rift-raff.app/Contents/MacOS/Riftraff";
				COMBINE_HIDPI_IMAGES = YES;
				FRAMEWORK_SEARCH_PATHS = (
					"$(DEVELOPER_FRAMEWORKS_DIR)",
					"$(inherited)",
				);
				GCC_PRECOMPILE_PREFIX_HEADER = YES;
				GCC_PREFIX_HEADER = "Riftraff/Rift-raff-Prefix.pch";
				INFOPLIST_FILE = "RiftraffTests/Rift-raffTests-Info.plist";
				PRODUCT_NAME = "Rift-raffTests";
				TEST_HOST = "$(BUNDLE_LOADER)";
				WRAPPER_EXTENSION = xctest;
			};
			name = Release;
		};
		8C917FAE191C3B4000CD2C77 /* Debug */ = {
			isa = XCBuildConfiguration;
			buildSettings = {
				ARCHS = "$(ARCHS_STANDARD_32_64_BIT)";
				COMBINE_HIDPI_IMAGES = YES;
				EXECUTABLE_PREFIX = lib;
				GCC_PREPROCESSOR_DEFINITIONS = (
					"DEBUG=1",
					"$(inherited)",
				);
				GCC_WARN_UNINITIALIZED_AUTOS = YES;
				INSTALL_PATH = "@executable_path/../Frameworks/";
				LIBRARY_SEARCH_PATHS = (
					"\"$(SRCROOT)/LIbOVR/MacOS/$(CONFIGURATION)\"",
					"\"$(SRCROOT)/LibOVR/Lib/MacOS/Debug\"",
					"\"$(SRCROOT)/LibOVR/Lib/MacOS/Release\"",
					"\"$(SRCROOT)/LibOVR/Lib/x64\"",
					"\"$(SRCROOT)/LibOVR/Lib/Win32\"",
					"\"$(SRCROOT)/LibOVR/Lib/MacOS/LibOVR_With_Samples.build/Debug/ovr.build/Objects-normal/i386\"",
					"\"$(SRCROOT)/LibOVR/Lib/MacOS/LibOVR_With_Samples.build/Debug/ovr.build/Objects-normal/x86_64\"",
					"\"$(SRCROOT)/LibOVR/Lib/MacOS/LibOVR_With_Samples.build/Release/ovr.build/Objects-normal/i386\"",
					"\"$(SRCROOT)/LibOVR/Lib/MacOS/LibOVR_With_Samples.build/Release/ovr.build/Objects-normal/x86_64\"",
				);
				MACH_O_TYPE = staticlib;
				PRODUCT_NAME = "$(TARGET_NAME)";
				SKIP_INSTALL = NO;
				SYMROOT = "$(SRCROOT)/LibOVR/Lib/MacOS";
			};
			name = Debug;
		};
		8C917FAF191C3B4000CD2C77 /* Release */ = {
			isa = XCBuildConfiguration;
			buildSettings = {
				ARCHS = "$(ARCHS_STANDARD_32_64_BIT)";
				COMBINE_HIDPI_IMAGES = YES;
				EXECUTABLE_PREFIX = lib;
				GCC_WARN_UNINITIALIZED_AUTOS = YES;
				INSTALL_PATH = "@executable_path/../Frameworks/";
				LIBRARY_SEARCH_PATHS = (
					"\"$(SRCROOT)/LIbOVR/MacOS/$(CONFIGURATION)\"",
					"\"$(SRCROOT)/LibOVR/Lib/MacOS/Debug\"",
					"\"$(SRCROOT)/LibOVR/Lib/MacOS/Release\"",
					"\"$(SRCROOT)/LibOVR/Lib/x64\"",
					"\"$(SRCROOT)/LibOVR/Lib/Win32\"",
					"\"$(SRCROOT)/LibOVR/Lib/MacOS/LibOVR_With_Samples.build/Debug/ovr.build/Objects-normal/i386\"",
					"\"$(SRCROOT)/LibOVR/Lib/MacOS/LibOVR_With_Samples.build/Debug/ovr.build/Objects-normal/x86_64\"",
					"\"$(SRCROOT)/LibOVR/Lib/MacOS/LibOVR_With_Samples.build/Release/ovr.build/Objects-normal/i386\"",
					"\"$(SRCROOT)/LibOVR/Lib/MacOS/LibOVR_With_Samples.build/Release/ovr.build/Objects-normal/x86_64\"",
				);
				MACH_O_TYPE = staticlib;
				PRODUCT_NAME = "$(TARGET_NAME)";
				SKIP_INSTALL = NO;
				SYMROOT = "$(SRCROOT)/LibOVR/Lib/MacOS";
			};
			name = Release;
		};
/* End XCBuildConfiguration section */

/* Begin XCConfigurationList section */
		52643C2A191C28380008350D /* Build configuration list for PBXProject "Rift-raff" */ = {
			isa = XCConfigurationList;
			buildConfigurations = (
				52643C5E191C28380008350D /* Debug */,
				52643C5F191C28380008350D /* Release */,
			);
			defaultConfigurationIsVisible = 0;
			defaultConfigurationName = Release;
		};
		52643C60191C28380008350D /* Build configuration list for PBXNativeTarget "Rift-raff" */ = {
			isa = XCConfigurationList;
			buildConfigurations = (
				52643C61191C28380008350D /* Debug */,
				52643C62191C28380008350D /* Release */,
			);
			defaultConfigurationIsVisible = 0;
			defaultConfigurationName = Release;
		};
		52643C63191C28380008350D /* Build configuration list for PBXNativeTarget "Rift-raffTests" */ = {
			isa = XCConfigurationList;
			buildConfigurations = (
				52643C64191C28380008350D /* Debug */,
				52643C65191C28380008350D /* Release */,
			);
			defaultConfigurationIsVisible = 0;
			defaultConfigurationName = Release;
		};
		8C917FAD191C3B4000CD2C77 /* Build configuration list for PBXNativeTarget "ovr" */ = {
			isa = XCConfigurationList;
			buildConfigurations = (
				8C917FAE191C3B4000CD2C77 /* Debug */,
				8C917FAF191C3B4000CD2C77 /* Release */,
			);
			defaultConfigurationIsVisible = 0;
			defaultConfigurationName = Release;
		};
/* End XCConfigurationList section */
	};
	rootObject = 52643C27191C28380008350D /* Project object */;
}
